
Microsoft Visual Studio Solution File, Format Version 12.00
# Visual Studio 14
VisualStudioVersion = 14.0.25420.1
MinimumVisualStudioVersion = 10.0.40219.1
Project("{2150E333-8FDC-42A3-9474-1A3956D46DE8}") = "WinForms", "WinForms", "{7FB70CDA-4CD6-422A-A62D-7E41613C3388}"
	ProjectSection(SolutionItems) = preProject
		WinForms\README.md = WinForms\README.md
	EndProjectSection
EndProject
Project("{F5034706-568F-408A-B7B3-4D38C6DB8A32}") = "Installer", "WinForms\Installer\Installer.pssproj", "{833B8745-0431-4DFC-986A-340C840667C4}"
EndProject
Project("{FAE04EC0-301F-11D3-BF4B-00C04F79EFBC}") = "WinForms", "WinForms\WinForms\WinForms.csproj", "{F3508D88-E526-4DB8-8879-3D844BBD4AC2}"
EndProject
Project("{2150E333-8FDC-42A3-9474-1A3956D46DE8}") = "Solution Items", "Solution Items", "{A19AF169-44DD-4737-82DD-AB83CF18B77A}"
	ProjectSection(SolutionItems) = preProject
		LICENSE = LICENSE
		PSModule.testsettings = PSModule.testsettings
		README.md = README.md
	EndProjectSection
EndProject
Project("{F5034706-568F-408A-B7B3-4D38C6DB8A32}") = "CertificateCryptography", "CertificateCryptography\CertificateCryptography.pssproj", "{A8B997E3-8FB4-45FE-926C-12948D7B284D}"
EndProject
Project("{F5034706-568F-408A-B7B3-4D38C6DB8A32}") = "CryptographyScripts", "CryptographyScripts\CryptographyScripts.pssproj", "{1D07BEB6-EDA9-4A68-B2D3-7BA5B66C5406}"
EndProject
Project("{F5034706-568F-408A-B7B3-4D38C6DB8A32}") = "WindowsForms", "WindowsForms\WindowsForms.pssproj", "{96B46506-A3B4-4CCC-ABDB-B6C2DE5CCBFB}"
EndProject
Project("{2150E333-8FDC-42A3-9474-1A3956D46DE8}") = "IOUtility", "IOUtility", "{C774424F-FA1E-4E77-AC61-054B848FD993}"
	ProjectSection(SolutionItems) = preProject
		IOUtility\README.md = IOUtility\README.md
	EndProjectSection
EndProject
Project("{F5034706-568F-408A-B7B3-4D38C6DB8A32}") = "IOUtility", "IOUtility\IOUtility\IOUtility.pssproj", "{F4998CDB-2949-4C2B-9A2B-72B61F44CA4F}"
EndProject
Project("{FAE04EC0-301F-11D3-BF4B-00C04F79EFBC}") = "IOUtilityCLR", "IOUtility\IOUtilityCLR\IOUtilityCLR.csproj", "{F32B9A73-7059-4CC3-B376-D6BAB4AB76FB}"
EndProject
Project("{2150E333-8FDC-42A3-9474-1A3956D46DE8}") = "NetworkUtility", "NetworkUtility", "{9BC7C0D9-B0A0-4F34-93E7-29E3136CB622}"
	ProjectSection(SolutionItems) = preProject
		NetworkUtility\README.md = NetworkUtility\README.md
	EndProjectSection
EndProject
Project("{F5034706-568F-408A-B7B3-4D38C6DB8A32}") = "NetworkUtility", "NetworkUtility\NetworkUtility\NetworkUtility.pssproj", "{EE4D730A-CF19-41EB-93AB-A1183C9EC14D}"
EndProject
Project("{FAE04EC0-301F-11D3-BF4B-00C04F79EFBC}") = "NetworkUtilityCLR", "NetworkUtility\NetworkUtilityCLR\NetworkUtilityCLR.csproj", "{C0CA8AB4-F6E7-4672-82A9-2F6BB2114D67}"
EndProject
Project("{2150E333-8FDC-42A3-9474-1A3956D46DE8}") = "LteDev", "LteDev", "{F5D07E3B-5C87-4C20-A129-C3FF471C23A2}"
	ProjectSection(SolutionItems) = preProject
		LteDev\README.md = LteDev\README.md
	EndProjectSection
EndProject
Project("{F5034706-568F-408A-B7B3-4D38C6DB8A32}") = "LteDev", "LteDev\LteDev\LteDev.pssproj", "{40F4C26C-05B3-436E-ABF1-3044176D1FE8}"
EndProject
Project("{2150E333-8FDC-42A3-9474-1A3956D46DE8}") = "XmlUtility", "XmlUtility", "{1882C9D2-9AA3-4680-BB3E-255ABF4CDEC9}"
	ProjectSection(SolutionItems) = preProject
		WPF\WPF\about.xslt = WPF\WPF\about.xslt
		XmlUtility\README.md = XmlUtility\README.md
	EndProjectSection
EndProject
Project("{F5034706-568F-408A-B7B3-4D38C6DB8A32}") = "XmlUtility", "XmlUtility\XmlUtility\XmlUtility.pssproj", "{2BB4AEF1-5684-44A0-ACEE-326E4C676659}"
EndProject
Project("{FAE04EC0-301F-11D3-BF4B-00C04F79EFBC}") = "XmlUtilityCLR", "XmlUtility\XmlUtilityCLR\XmlUtilityCLR.csproj", "{B0C6789A-5404-4EFD-8EFB-9AEC6D4617AB}"
EndProject
Project("{F5034706-568F-408A-B7B3-4D38C6DB8A32}") = "Scripts", "Scripts\Scripts.pssproj", "{8C1F29FD-EB34-4DBB-A1CA-819BF73A4AEC}"
EndProject
Project("{2150E333-8FDC-42A3-9474-1A3956D46DE8}") = "Schemas", "Schemas", "{48C415CD-E07B-4E0B-9087-A3A33F90CE73}"
	ProjectSection(SolutionItems) = preProject
		XmlUtility\Schemas\README.md = XmlUtility\Schemas\README.md
		XmlUtility\Schemas\soap-encoding.xsd = XmlUtility\Schemas\soap-encoding.xsd
		XmlUtility\Schemas\soap-envelope.xsd = XmlUtility\Schemas\soap-envelope.xsd
		XmlUtility\Schemas\soap11encoding.xsd = XmlUtility\Schemas\soap11encoding.xsd
		XmlUtility\Schemas\soap11envelope.xsd = XmlUtility\Schemas\soap11envelope.xsd
		XmlUtility\Schemas\TypeLibrary-array.xsd = XmlUtility\Schemas\TypeLibrary-array.xsd
		XmlUtility\Schemas\TypeLibrary-binary.xsd = XmlUtility\Schemas\TypeLibrary-binary.xsd
		XmlUtility\Schemas\TypeLibrary-list.xsd = XmlUtility\Schemas\TypeLibrary-list.xsd
		XmlUtility\Schemas\TypeLibrary-math.xsd = XmlUtility\Schemas\TypeLibrary-math.xsd
		XmlUtility\Schemas\TypeLibrary-nn-array.xsd = XmlUtility\Schemas\TypeLibrary-nn-array.xsd
		XmlUtility\Schemas\TypeLibrary-nn-binary.xsd = XmlUtility\Schemas\TypeLibrary-nn-binary.xsd
		XmlUtility\Schemas\TypeLibrary-nn-list.xsd = XmlUtility\Schemas\TypeLibrary-nn-list.xsd
		XmlUtility\Schemas\TypeLibrary-nn-math.xsd = XmlUtility\Schemas\TypeLibrary-nn-math.xsd
		XmlUtility\Schemas\TypeLibrary-nn-quantity.xsd = XmlUtility\Schemas\TypeLibrary-nn-quantity.xsd
		XmlUtility\Schemas\TypeLibrary-nn-text.xsd = XmlUtility\Schemas\TypeLibrary-nn-text.xsd
		XmlUtility\Schemas\TypeLibrary-quantity.xsd = XmlUtility\Schemas\TypeLibrary-quantity.xsd
		XmlUtility\Schemas\TypeLibrary-text.xsd = XmlUtility\Schemas\TypeLibrary-text.xsd
		XmlUtility\Schemas\TypeLibrary.xsd = XmlUtility\Schemas\TypeLibrary.xsd
		XmlUtility\Schemas\wsdl.xsd = XmlUtility\Schemas\wsdl.xsd
		XmlUtility\Schemas\wsdl11html.xsd = XmlUtility\Schemas\wsdl11html.xsd
		XmlUtility\Schemas\wsdl11mime.xsd = XmlUtility\Schemas\wsdl11mime.xsd
		XmlUtility\Schemas\wsdl11soap12.xsd = XmlUtility\Schemas\wsdl11soap12.xsd
		XmlUtility\Schemas\xml.xsd = XmlUtility\Schemas\xml.xsd
		XmlUtility\Schemas\XMLSchema-instance.xsd = XmlUtility\Schemas\XMLSchema-instance.xsd
		XmlUtility\Schemas\XmlSchema.xsd = XmlUtility\Schemas\XmlSchema.xsd
	EndProjectSection
EndProject
Project("{FAE04EC0-301F-11D3-BF4B-00C04F79EFBC}") = "UnitTests", "UnitTests\UnitTests.csproj", "{4BE857E7-98B4-436E-A623-2F0941ABCA3E}"
EndProject
Project("{2150E333-8FDC-42A3-9474-1A3956D46DE8}") = "WPF", "WPF", "{54DBA9CA-1337-4C3D-A9A1-8F8D5FE84FFA}"
EndProject
Project("{FAE04EC0-301F-11D3-BF4B-00C04F79EFBC}") = "WpfCLR", "WPF\WpfCLR\WpfCLR.csproj", "{2E161262-30CB-4EFC-AFDD-B4D8D5529FC6}"
EndProject
Project("{F5034706-568F-408A-B7B3-4D38C6DB8A32}") = "WPF", "WPF\WPF\WPF.pssproj", "{B4A15FD4-53D1-4E4E-8DBF-D9A7F71EE61E}"
EndProject
Project("{FAE04EC0-301F-11D3-BF4B-00C04F79EFBC}") = "IOUtilityLegacyCLR", "IOUtility\IOUtilityLegacyCLR\IOUtilityLegacyCLR.csproj", "{1A4EF800-90F7-413D-820E-497FEFCF86DE}"
EndProject
Project("{FAE04EC0-301F-11D3-BF4B-00C04F79EFBC}") = "NetworkUtilityLegacyCLR", "NetworkUtility\NetworkUtilityLegacyCLR\NetworkUtilityLegacyCLR.csproj", "{68BB6B97-CB36-463A-B854-C268C6E87D74}"
EndProject
Project("{FAE04EC0-301F-11D3-BF4B-00C04F79EFBC}") = "WpfLegacyCLR", "WPF\WpfLegacyCLR\WpfLegacyCLR.csproj", "{B75A10F6-19B2-4104-9CFF-4977626936A9}"
EndProject
Project("{FAE04EC0-301F-11D3-BF4B-00C04F79EFBC}") = "XmlUtilityLegacyCLR", "XmlUtility\XmlUtilityLegacyCLR\XmlUtilityLegacyCLR.csproj", "{BB8270DC-E151-4FF2-8D15-675EF026A32A}"
EndProject
Project("{2150E333-8FDC-42A3-9474-1A3956D46DE8}") = "Assembly", "Assembly", "{70233A10-5051-4811-959E-2C05A59C3DAA}"
EndProject
Project("{2150E333-8FDC-42A3-9474-1A3956D46DE8}") = "V2", "V2", "{9C631468-D535-4E45-A71D-722B912C347E}"
	ProjectSection(SolutionItems) = preProject
		Assembly\V2\Microsoft.PowerShell.Commands.Management.dll = Assembly\V2\Microsoft.PowerShell.Commands.Management.dll
		Assembly\V2\System.Management.Automation.dll = Assembly\V2\System.Management.Automation.dll
	EndProjectSection
EndProject
Project("{2150E333-8FDC-42A3-9474-1A3956D46DE8}") = "V5", "V5", "{5AC8E2CB-C360-4945-8E00-94BB77A8B4F6}"
	ProjectSection(SolutionItems) = preProject
		Assembly\V5\Microsoft.PowerShell.Commands.Management.dll = Assembly\V5\Microsoft.PowerShell.Commands.Management.dll
		Assembly\V5\System.Management.Automation.dll = Assembly\V5\System.Management.Automation.dll
	EndProjectSection
EndProject
Global
	GlobalSection(SolutionConfigurationPlatforms) = preSolution
		CD_ROM|Any CPU = CD_ROM|Any CPU
		Debug|Any CPU = Debug|Any CPU
		DebugPS2|Any CPU = DebugPS2|Any CPU
		DebugPS3|Any CPU = DebugPS3|Any CPU
		DVD-5|Any CPU = DVD-5|Any CPU
		Release|Any CPU = Release|Any CPU
		ReleasePS2|Any CPU = ReleasePS2|Any CPU
		ReleasePS3|Any CPU = ReleasePS3|Any CPU
		SingleImage|Any CPU = SingleImage|Any CPU
	EndGlobalSection
	GlobalSection(ProjectConfigurationPlatforms) = postSolution
		{833B8745-0431-4DFC-986A-340C840667C4}.CD_ROM|Any CPU.ActiveCfg = Release|Any CPU
		{833B8745-0431-4DFC-986A-340C840667C4}.CD_ROM|Any CPU.Build.0 = Release|Any CPU
		{833B8745-0431-4DFC-986A-340C840667C4}.Debug|Any CPU.ActiveCfg = Debug|Any CPU
		{833B8745-0431-4DFC-986A-340C840667C4}.Debug|Any CPU.Build.0 = Debug|Any CPU
		{833B8745-0431-4DFC-986A-340C840667C4}.DebugPS2|Any CPU.ActiveCfg = Debug|Any CPU
		{833B8745-0431-4DFC-986A-340C840667C4}.DebugPS2|Any CPU.Build.0 = Debug|Any CPU
		{833B8745-0431-4DFC-986A-340C840667C4}.DebugPS3|Any CPU.ActiveCfg = Debug|Any CPU
		{833B8745-0431-4DFC-986A-340C840667C4}.DebugPS3|Any CPU.Build.0 = Debug|Any CPU
		{833B8745-0431-4DFC-986A-340C840667C4}.DVD-5|Any CPU.ActiveCfg = Debug|Any CPU
		{833B8745-0431-4DFC-986A-340C840667C4}.DVD-5|Any CPU.Build.0 = Debug|Any CPU
		{833B8745-0431-4DFC-986A-340C840667C4}.Release|Any CPU.ActiveCfg = Release|Any CPU
		{833B8745-0431-4DFC-986A-340C840667C4}.Release|Any CPU.Build.0 = Release|Any CPU
		{833B8745-0431-4DFC-986A-340C840667C4}.ReleasePS2|Any CPU.ActiveCfg = Release|Any CPU
		{833B8745-0431-4DFC-986A-340C840667C4}.ReleasePS2|Any CPU.Build.0 = Release|Any CPU
		{833B8745-0431-4DFC-986A-340C840667C4}.ReleasePS3|Any CPU.ActiveCfg = Release|Any CPU
		{833B8745-0431-4DFC-986A-340C840667C4}.ReleasePS3|Any CPU.Build.0 = Release|Any CPU
		{833B8745-0431-4DFC-986A-340C840667C4}.SingleImage|Any CPU.ActiveCfg = Release|Any CPU
		{833B8745-0431-4DFC-986A-340C840667C4}.SingleImage|Any CPU.Build.0 = Release|Any CPU
		{F3508D88-E526-4DB8-8879-3D844BBD4AC2}.CD_ROM|Any CPU.ActiveCfg = Release|Any CPU
		{F3508D88-E526-4DB8-8879-3D844BBD4AC2}.CD_ROM|Any CPU.Build.0 = Release|Any CPU
		{F3508D88-E526-4DB8-8879-3D844BBD4AC2}.Debug|Any CPU.ActiveCfg = Debug|Any CPU
		{F3508D88-E526-4DB8-8879-3D844BBD4AC2}.Debug|Any CPU.Build.0 = Debug|Any CPU
		{F3508D88-E526-4DB8-8879-3D844BBD4AC2}.DebugPS2|Any CPU.ActiveCfg = DebugPS2|Any CPU
		{F3508D88-E526-4DB8-8879-3D844BBD4AC2}.DebugPS2|Any CPU.Build.0 = DebugPS2|Any CPU
		{F3508D88-E526-4DB8-8879-3D844BBD4AC2}.DebugPS3|Any CPU.ActiveCfg = DebugPS3|Any CPU
		{F3508D88-E526-4DB8-8879-3D844BBD4AC2}.DebugPS3|Any CPU.Build.0 = DebugPS3|Any CPU
		{F3508D88-E526-4DB8-8879-3D844BBD4AC2}.DVD-5|Any CPU.ActiveCfg = Debug|Any CPU
		{F3508D88-E526-4DB8-8879-3D844BBD4AC2}.DVD-5|Any CPU.Build.0 = Debug|Any CPU
		{F3508D88-E526-4DB8-8879-3D844BBD4AC2}.Release|Any CPU.ActiveCfg = Release|Any CPU
		{F3508D88-E526-4DB8-8879-3D844BBD4AC2}.Release|Any CPU.Build.0 = Release|Any CPU
		{F3508D88-E526-4DB8-8879-3D844BBD4AC2}.ReleasePS2|Any CPU.ActiveCfg = ReleasePS2|Any CPU
		{F3508D88-E526-4DB8-8879-3D844BBD4AC2}.ReleasePS2|Any CPU.Build.0 = ReleasePS2|Any CPU
		{F3508D88-E526-4DB8-8879-3D844BBD4AC2}.ReleasePS3|Any CPU.ActiveCfg = ReleasePS3|Any CPU
		{F3508D88-E526-4DB8-8879-3D844BBD4AC2}.ReleasePS3|Any CPU.Build.0 = ReleasePS3|Any CPU
		{F3508D88-E526-4DB8-8879-3D844BBD4AC2}.SingleImage|Any CPU.ActiveCfg = Release|Any CPU
		{F3508D88-E526-4DB8-8879-3D844BBD4AC2}.SingleImage|Any CPU.Build.0 = Release|Any CPU
		{A8B997E3-8FB4-45FE-926C-12948D7B284D}.CD_ROM|Any CPU.ActiveCfg = Release|Any CPU
		{A8B997E3-8FB4-45FE-926C-12948D7B284D}.CD_ROM|Any CPU.Build.0 = Release|Any CPU
		{A8B997E3-8FB4-45FE-926C-12948D7B284D}.Debug|Any CPU.ActiveCfg = Debug|Any CPU
		{A8B997E3-8FB4-45FE-926C-12948D7B284D}.Debug|Any CPU.Build.0 = Debug|Any CPU
		{A8B997E3-8FB4-45FE-926C-12948D7B284D}.DebugPS2|Any CPU.ActiveCfg = Debug|Any CPU
		{A8B997E3-8FB4-45FE-926C-12948D7B284D}.DebugPS2|Any CPU.Build.0 = Debug|Any CPU
		{A8B997E3-8FB4-45FE-926C-12948D7B284D}.DebugPS3|Any CPU.ActiveCfg = Debug|Any CPU
		{A8B997E3-8FB4-45FE-926C-12948D7B284D}.DebugPS3|Any CPU.Build.0 = Debug|Any CPU
		{A8B997E3-8FB4-45FE-926C-12948D7B284D}.DVD-5|Any CPU.ActiveCfg = Debug|Any CPU
		{A8B997E3-8FB4-45FE-926C-12948D7B284D}.DVD-5|Any CPU.Build.0 = Debug|Any CPU
		{A8B997E3-8FB4-45FE-926C-12948D7B284D}.Release|Any CPU.ActiveCfg = Release|Any CPU
		{A8B997E3-8FB4-45FE-926C-12948D7B284D}.Release|Any CPU.Build.0 = Release|Any CPU
		{A8B997E3-8FB4-45FE-926C-12948D7B284D}.ReleasePS2|Any CPU.ActiveCfg = Release|Any CPU
		{A8B997E3-8FB4-45FE-926C-12948D7B284D}.ReleasePS2|Any CPU.Build.0 = Release|Any CPU
		{A8B997E3-8FB4-45FE-926C-12948D7B284D}.ReleasePS3|Any CPU.ActiveCfg = Release|Any CPU
		{A8B997E3-8FB4-45FE-926C-12948D7B284D}.ReleasePS3|Any CPU.Build.0 = Release|Any CPU
		{A8B997E3-8FB4-45FE-926C-12948D7B284D}.SingleImage|Any CPU.ActiveCfg = Release|Any CPU
		{A8B997E3-8FB4-45FE-926C-12948D7B284D}.SingleImage|Any CPU.Build.0 = Release|Any CPU
		{1D07BEB6-EDA9-4A68-B2D3-7BA5B66C5406}.CD_ROM|Any CPU.ActiveCfg = Release|Any CPU
		{1D07BEB6-EDA9-4A68-B2D3-7BA5B66C5406}.CD_ROM|Any CPU.Build.0 = Release|Any CPU
		{1D07BEB6-EDA9-4A68-B2D3-7BA5B66C5406}.Debug|Any CPU.ActiveCfg = Debug|Any CPU
		{1D07BEB6-EDA9-4A68-B2D3-7BA5B66C5406}.Debug|Any CPU.Build.0 = Debug|Any CPU
		{1D07BEB6-EDA9-4A68-B2D3-7BA5B66C5406}.DebugPS2|Any CPU.ActiveCfg = Debug|Any CPU
		{1D07BEB6-EDA9-4A68-B2D3-7BA5B66C5406}.DebugPS2|Any CPU.Build.0 = Debug|Any CPU
		{1D07BEB6-EDA9-4A68-B2D3-7BA5B66C5406}.DebugPS3|Any CPU.ActiveCfg = Debug|Any CPU
		{1D07BEB6-EDA9-4A68-B2D3-7BA5B66C5406}.DebugPS3|Any CPU.Build.0 = Debug|Any CPU
		{1D07BEB6-EDA9-4A68-B2D3-7BA5B66C5406}.DVD-5|Any CPU.ActiveCfg = Debug|Any CPU
		{1D07BEB6-EDA9-4A68-B2D3-7BA5B66C5406}.DVD-5|Any CPU.Build.0 = Debug|Any CPU
		{1D07BEB6-EDA9-4A68-B2D3-7BA5B66C5406}.Release|Any CPU.ActiveCfg = Release|Any CPU
		{1D07BEB6-EDA9-4A68-B2D3-7BA5B66C5406}.Release|Any CPU.Build.0 = Release|Any CPU
		{1D07BEB6-EDA9-4A68-B2D3-7BA5B66C5406}.ReleasePS2|Any CPU.ActiveCfg = Release|Any CPU
		{1D07BEB6-EDA9-4A68-B2D3-7BA5B66C5406}.ReleasePS2|Any CPU.Build.0 = Release|Any CPU
		{1D07BEB6-EDA9-4A68-B2D3-7BA5B66C5406}.ReleasePS3|Any CPU.ActiveCfg = Release|Any CPU
		{1D07BEB6-EDA9-4A68-B2D3-7BA5B66C5406}.ReleasePS3|Any CPU.Build.0 = Release|Any CPU
		{1D07BEB6-EDA9-4A68-B2D3-7BA5B66C5406}.SingleImage|Any CPU.ActiveCfg = Release|Any CPU
		{1D07BEB6-EDA9-4A68-B2D3-7BA5B66C5406}.SingleImage|Any CPU.Build.0 = Release|Any CPU
		{96B46506-A3B4-4CCC-ABDB-B6C2DE5CCBFB}.CD_ROM|Any CPU.ActiveCfg = Release|Any CPU
		{96B46506-A3B4-4CCC-ABDB-B6C2DE5CCBFB}.CD_ROM|Any CPU.Build.0 = Release|Any CPU
		{96B46506-A3B4-4CCC-ABDB-B6C2DE5CCBFB}.Debug|Any CPU.ActiveCfg = Debug|Any CPU
		{96B46506-A3B4-4CCC-ABDB-B6C2DE5CCBFB}.Debug|Any CPU.Build.0 = Debug|Any CPU
		{96B46506-A3B4-4CCC-ABDB-B6C2DE5CCBFB}.DebugPS2|Any CPU.ActiveCfg = Debug|Any CPU
		{96B46506-A3B4-4CCC-ABDB-B6C2DE5CCBFB}.DebugPS2|Any CPU.Build.0 = Debug|Any CPU
		{96B46506-A3B4-4CCC-ABDB-B6C2DE5CCBFB}.DebugPS3|Any CPU.ActiveCfg = Debug|Any CPU
		{96B46506-A3B4-4CCC-ABDB-B6C2DE5CCBFB}.DebugPS3|Any CPU.Build.0 = Debug|Any CPU
		{96B46506-A3B4-4CCC-ABDB-B6C2DE5CCBFB}.DVD-5|Any CPU.ActiveCfg = Debug|Any CPU
		{96B46506-A3B4-4CCC-ABDB-B6C2DE5CCBFB}.DVD-5|Any CPU.Build.0 = Debug|Any CPU
		{96B46506-A3B4-4CCC-ABDB-B6C2DE5CCBFB}.Release|Any CPU.ActiveCfg = Release|Any CPU
		{96B46506-A3B4-4CCC-ABDB-B6C2DE5CCBFB}.Release|Any CPU.Build.0 = Release|Any CPU
		{96B46506-A3B4-4CCC-ABDB-B6C2DE5CCBFB}.ReleasePS2|Any CPU.ActiveCfg = Release|Any CPU
		{96B46506-A3B4-4CCC-ABDB-B6C2DE5CCBFB}.ReleasePS2|Any CPU.Build.0 = Release|Any CPU
		{96B46506-A3B4-4CCC-ABDB-B6C2DE5CCBFB}.ReleasePS3|Any CPU.ActiveCfg = Release|Any CPU
		{96B46506-A3B4-4CCC-ABDB-B6C2DE5CCBFB}.ReleasePS3|Any CPU.Build.0 = Release|Any CPU
		{96B46506-A3B4-4CCC-ABDB-B6C2DE5CCBFB}.SingleImage|Any CPU.ActiveCfg = Release|Any CPU
		{96B46506-A3B4-4CCC-ABDB-B6C2DE5CCBFB}.SingleImage|Any CPU.Build.0 = Release|Any CPU
		{F4998CDB-2949-4C2B-9A2B-72B61F44CA4F}.CD_ROM|Any CPU.ActiveCfg = Release|Any CPU
		{F4998CDB-2949-4C2B-9A2B-72B61F44CA4F}.CD_ROM|Any CPU.Build.0 = Release|Any CPU
		{F4998CDB-2949-4C2B-9A2B-72B61F44CA4F}.Debug|Any CPU.ActiveCfg = Debug|Any CPU
		{F4998CDB-2949-4C2B-9A2B-72B61F44CA4F}.Debug|Any CPU.Build.0 = Debug|Any CPU
		{F4998CDB-2949-4C2B-9A2B-72B61F44CA4F}.DebugPS2|Any CPU.ActiveCfg = DebugPS2|Any CPU
		{F4998CDB-2949-4C2B-9A2B-72B61F44CA4F}.DebugPS2|Any CPU.Build.0 = DebugPS2|Any CPU
		{F4998CDB-2949-4C2B-9A2B-72B61F44CA4F}.DebugPS3|Any CPU.ActiveCfg = DebugPS3|Any CPU
		{F4998CDB-2949-4C2B-9A2B-72B61F44CA4F}.DebugPS3|Any CPU.Build.0 = DebugPS3|Any CPU
		{F4998CDB-2949-4C2B-9A2B-72B61F44CA4F}.DVD-5|Any CPU.ActiveCfg = Debug|Any CPU
		{F4998CDB-2949-4C2B-9A2B-72B61F44CA4F}.DVD-5|Any CPU.Build.0 = Debug|Any CPU
		{F4998CDB-2949-4C2B-9A2B-72B61F44CA4F}.Release|Any CPU.ActiveCfg = Release|Any CPU
		{F4998CDB-2949-4C2B-9A2B-72B61F44CA4F}.Release|Any CPU.Build.0 = Release|Any CPU
		{F4998CDB-2949-4C2B-9A2B-72B61F44CA4F}.ReleasePS2|Any CPU.ActiveCfg = ReleasePS2|Any CPU
		{F4998CDB-2949-4C2B-9A2B-72B61F44CA4F}.ReleasePS2|Any CPU.Build.0 = ReleasePS2|Any CPU
		{F4998CDB-2949-4C2B-9A2B-72B61F44CA4F}.ReleasePS3|Any CPU.ActiveCfg = ReleasePS3|Any CPU
		{F4998CDB-2949-4C2B-9A2B-72B61F44CA4F}.ReleasePS3|Any CPU.Build.0 = ReleasePS3|Any CPU
		{F4998CDB-2949-4C2B-9A2B-72B61F44CA4F}.SingleImage|Any CPU.ActiveCfg = Release|Any CPU
		{F4998CDB-2949-4C2B-9A2B-72B61F44CA4F}.SingleImage|Any CPU.Build.0 = Release|Any CPU
		{F32B9A73-7059-4CC3-B376-D6BAB4AB76FB}.CD_ROM|Any CPU.ActiveCfg = Release|Any CPU
		{F32B9A73-7059-4CC3-B376-D6BAB4AB76FB}.CD_ROM|Any CPU.Build.0 = Release|Any CPU
		{F32B9A73-7059-4CC3-B376-D6BAB4AB76FB}.Debug|Any CPU.ActiveCfg = Debug|Any CPU
		{F32B9A73-7059-4CC3-B376-D6BAB4AB76FB}.Debug|Any CPU.Build.0 = Debug|Any CPU
		{F32B9A73-7059-4CC3-B376-D6BAB4AB76FB}.DebugPS2|Any CPU.ActiveCfg = DebugPS2|Any CPU
		{F32B9A73-7059-4CC3-B376-D6BAB4AB76FB}.DebugPS2|Any CPU.Build.0 = DebugPS2|Any CPU
		{F32B9A73-7059-4CC3-B376-D6BAB4AB76FB}.DebugPS3|Any CPU.ActiveCfg = DebugPS3|Any CPU
		{F32B9A73-7059-4CC3-B376-D6BAB4AB76FB}.DebugPS3|Any CPU.Build.0 = DebugPS3|Any CPU
		{F32B9A73-7059-4CC3-B376-D6BAB4AB76FB}.DVD-5|Any CPU.ActiveCfg = Debug|Any CPU
		{F32B9A73-7059-4CC3-B376-D6BAB4AB76FB}.DVD-5|Any CPU.Build.0 = Debug|Any CPU
		{F32B9A73-7059-4CC3-B376-D6BAB4AB76FB}.Release|Any CPU.ActiveCfg = Release|Any CPU
		{F32B9A73-7059-4CC3-B376-D6BAB4AB76FB}.Release|Any CPU.Build.0 = Release|Any CPU
		{F32B9A73-7059-4CC3-B376-D6BAB4AB76FB}.ReleasePS2|Any CPU.ActiveCfg = ReleasePS2|Any CPU
		{F32B9A73-7059-4CC3-B376-D6BAB4AB76FB}.ReleasePS2|Any CPU.Build.0 = ReleasePS2|Any CPU
		{F32B9A73-7059-4CC3-B376-D6BAB4AB76FB}.ReleasePS3|Any CPU.ActiveCfg = ReleasePS3|Any CPU
		{F32B9A73-7059-4CC3-B376-D6BAB4AB76FB}.ReleasePS3|Any CPU.Build.0 = ReleasePS3|Any CPU
		{F32B9A73-7059-4CC3-B376-D6BAB4AB76FB}.SingleImage|Any CPU.ActiveCfg = Release|Any CPU
		{F32B9A73-7059-4CC3-B376-D6BAB4AB76FB}.SingleImage|Any CPU.Build.0 = Release|Any CPU
		{EE4D730A-CF19-41EB-93AB-A1183C9EC14D}.CD_ROM|Any CPU.ActiveCfg = Release|Any CPU
		{EE4D730A-CF19-41EB-93AB-A1183C9EC14D}.CD_ROM|Any CPU.Build.0 = Release|Any CPU
		{EE4D730A-CF19-41EB-93AB-A1183C9EC14D}.Debug|Any CPU.ActiveCfg = Debug|Any CPU
		{EE4D730A-CF19-41EB-93AB-A1183C9EC14D}.Debug|Any CPU.Build.0 = Debug|Any CPU
		{EE4D730A-CF19-41EB-93AB-A1183C9EC14D}.DebugPS2|Any CPU.ActiveCfg = DebugPS2|Any CPU
		{EE4D730A-CF19-41EB-93AB-A1183C9EC14D}.DebugPS2|Any CPU.Build.0 = DebugPS2|Any CPU
		{EE4D730A-CF19-41EB-93AB-A1183C9EC14D}.DebugPS3|Any CPU.ActiveCfg = DebugPS3|Any CPU
		{EE4D730A-CF19-41EB-93AB-A1183C9EC14D}.DebugPS3|Any CPU.Build.0 = DebugPS3|Any CPU
		{EE4D730A-CF19-41EB-93AB-A1183C9EC14D}.DVD-5|Any CPU.ActiveCfg = Debug|Any CPU
		{EE4D730A-CF19-41EB-93AB-A1183C9EC14D}.DVD-5|Any CPU.Build.0 = Debug|Any CPU
		{EE4D730A-CF19-41EB-93AB-A1183C9EC14D}.Release|Any CPU.ActiveCfg = Release|Any CPU
		{EE4D730A-CF19-41EB-93AB-A1183C9EC14D}.Release|Any CPU.Build.0 = Release|Any CPU
		{EE4D730A-CF19-41EB-93AB-A1183C9EC14D}.ReleasePS2|Any CPU.ActiveCfg = ReleasePS2|Any CPU
		{EE4D730A-CF19-41EB-93AB-A1183C9EC14D}.ReleasePS2|Any CPU.Build.0 = ReleasePS2|Any CPU
		{EE4D730A-CF19-41EB-93AB-A1183C9EC14D}.ReleasePS3|Any CPU.ActiveCfg = ReleasePS3|Any CPU
		{EE4D730A-CF19-41EB-93AB-A1183C9EC14D}.ReleasePS3|Any CPU.Build.0 = ReleasePS3|Any CPU
		{EE4D730A-CF19-41EB-93AB-A1183C9EC14D}.SingleImage|Any CPU.ActiveCfg = Release|Any CPU
		{EE4D730A-CF19-41EB-93AB-A1183C9EC14D}.SingleImage|Any CPU.Build.0 = Release|Any CPU
		{C0CA8AB4-F6E7-4672-82A9-2F6BB2114D67}.CD_ROM|Any CPU.ActiveCfg = Release|Any CPU
		{C0CA8AB4-F6E7-4672-82A9-2F6BB2114D67}.CD_ROM|Any CPU.Build.0 = Release|Any CPU
		{C0CA8AB4-F6E7-4672-82A9-2F6BB2114D67}.Debug|Any CPU.ActiveCfg = Debug|Any CPU
		{C0CA8AB4-F6E7-4672-82A9-2F6BB2114D67}.Debug|Any CPU.Build.0 = Debug|Any CPU
		{C0CA8AB4-F6E7-4672-82A9-2F6BB2114D67}.DebugPS2|Any CPU.ActiveCfg = DebugPS2|Any CPU
		{C0CA8AB4-F6E7-4672-82A9-2F6BB2114D67}.DebugPS2|Any CPU.Build.0 = DebugPS2|Any CPU
		{C0CA8AB4-F6E7-4672-82A9-2F6BB2114D67}.DebugPS3|Any CPU.ActiveCfg = DebugPS3|Any CPU
		{C0CA8AB4-F6E7-4672-82A9-2F6BB2114D67}.DebugPS3|Any CPU.Build.0 = DebugPS3|Any CPU
		{C0CA8AB4-F6E7-4672-82A9-2F6BB2114D67}.DVD-5|Any CPU.ActiveCfg = Debug|Any CPU
		{C0CA8AB4-F6E7-4672-82A9-2F6BB2114D67}.DVD-5|Any CPU.Build.0 = Debug|Any CPU
		{C0CA8AB4-F6E7-4672-82A9-2F6BB2114D67}.Release|Any CPU.ActiveCfg = Release|Any CPU
		{C0CA8AB4-F6E7-4672-82A9-2F6BB2114D67}.Release|Any CPU.Build.0 = Release|Any CPU
		{C0CA8AB4-F6E7-4672-82A9-2F6BB2114D67}.ReleasePS2|Any CPU.ActiveCfg = ReleasePS2|Any CPU
		{C0CA8AB4-F6E7-4672-82A9-2F6BB2114D67}.ReleasePS2|Any CPU.Build.0 = ReleasePS2|Any CPU
		{C0CA8AB4-F6E7-4672-82A9-2F6BB2114D67}.ReleasePS3|Any CPU.ActiveCfg = ReleasePS3|Any CPU
		{C0CA8AB4-F6E7-4672-82A9-2F6BB2114D67}.ReleasePS3|Any CPU.Build.0 = ReleasePS3|Any CPU
		{C0CA8AB4-F6E7-4672-82A9-2F6BB2114D67}.SingleImage|Any CPU.ActiveCfg = Release|Any CPU
		{C0CA8AB4-F6E7-4672-82A9-2F6BB2114D67}.SingleImage|Any CPU.Build.0 = Release|Any CPU
		{40F4C26C-05B3-436E-ABF1-3044176D1FE8}.CD_ROM|Any CPU.ActiveCfg = Release|Any CPU
		{40F4C26C-05B3-436E-ABF1-3044176D1FE8}.CD_ROM|Any CPU.Build.0 = Release|Any CPU
		{40F4C26C-05B3-436E-ABF1-3044176D1FE8}.Debug|Any CPU.ActiveCfg = Debug|Any CPU
		{40F4C26C-05B3-436E-ABF1-3044176D1FE8}.Debug|Any CPU.Build.0 = Debug|Any CPU
		{40F4C26C-05B3-436E-ABF1-3044176D1FE8}.DebugPS2|Any CPU.ActiveCfg = DebugPS2|Any CPU
		{40F4C26C-05B3-436E-ABF1-3044176D1FE8}.DebugPS2|Any CPU.Build.0 = DebugPS2|Any CPU
		{40F4C26C-05B3-436E-ABF1-3044176D1FE8}.DebugPS3|Any CPU.ActiveCfg = DebugPS3|Any CPU
		{40F4C26C-05B3-436E-ABF1-3044176D1FE8}.DebugPS3|Any CPU.Build.0 = DebugPS3|Any CPU
		{40F4C26C-05B3-436E-ABF1-3044176D1FE8}.DVD-5|Any CPU.ActiveCfg = Debug|Any CPU
		{40F4C26C-05B3-436E-ABF1-3044176D1FE8}.DVD-5|Any CPU.Build.0 = Debug|Any CPU
		{40F4C26C-05B3-436E-ABF1-3044176D1FE8}.Release|Any CPU.ActiveCfg = Release|Any CPU
		{40F4C26C-05B3-436E-ABF1-3044176D1FE8}.Release|Any CPU.Build.0 = Release|Any CPU
		{40F4C26C-05B3-436E-ABF1-3044176D1FE8}.ReleasePS2|Any CPU.ActiveCfg = ReleasePS2|Any CPU
		{40F4C26C-05B3-436E-ABF1-3044176D1FE8}.ReleasePS2|Any CPU.Build.0 = ReleasePS2|Any CPU
		{40F4C26C-05B3-436E-ABF1-3044176D1FE8}.ReleasePS3|Any CPU.ActiveCfg = ReleasePS3|Any CPU
		{40F4C26C-05B3-436E-ABF1-3044176D1FE8}.ReleasePS3|Any CPU.Build.0 = ReleasePS3|Any CPU
		{40F4C26C-05B3-436E-ABF1-3044176D1FE8}.SingleImage|Any CPU.ActiveCfg = Release|Any CPU
		{40F4C26C-05B3-436E-ABF1-3044176D1FE8}.SingleImage|Any CPU.Build.0 = Release|Any CPU
		{2BB4AEF1-5684-44A0-ACEE-326E4C676659}.CD_ROM|Any CPU.ActiveCfg = Release|Any CPU
		{2BB4AEF1-5684-44A0-ACEE-326E4C676659}.CD_ROM|Any CPU.Build.0 = Release|Any CPU
		{2BB4AEF1-5684-44A0-ACEE-326E4C676659}.Debug|Any CPU.ActiveCfg = Debug|Any CPU
		{2BB4AEF1-5684-44A0-ACEE-326E4C676659}.Debug|Any CPU.Build.0 = Debug|Any CPU
		{2BB4AEF1-5684-44A0-ACEE-326E4C676659}.DebugPS2|Any CPU.ActiveCfg = DebugPS2|Any CPU
		{2BB4AEF1-5684-44A0-ACEE-326E4C676659}.DebugPS2|Any CPU.Build.0 = DebugPS2|Any CPU
		{2BB4AEF1-5684-44A0-ACEE-326E4C676659}.DebugPS3|Any CPU.ActiveCfg = DebugPS3|Any CPU
		{2BB4AEF1-5684-44A0-ACEE-326E4C676659}.DebugPS3|Any CPU.Build.0 = DebugPS3|Any CPU
		{2BB4AEF1-5684-44A0-ACEE-326E4C676659}.DVD-5|Any CPU.ActiveCfg = Debug|Any CPU
		{2BB4AEF1-5684-44A0-ACEE-326E4C676659}.DVD-5|Any CPU.Build.0 = Debug|Any CPU
		{2BB4AEF1-5684-44A0-ACEE-326E4C676659}.Release|Any CPU.ActiveCfg = Release|Any CPU
		{2BB4AEF1-5684-44A0-ACEE-326E4C676659}.Release|Any CPU.Build.0 = Release|Any CPU
		{2BB4AEF1-5684-44A0-ACEE-326E4C676659}.ReleasePS2|Any CPU.ActiveCfg = ReleasePS2|Any CPU
		{2BB4AEF1-5684-44A0-ACEE-326E4C676659}.ReleasePS2|Any CPU.Build.0 = ReleasePS2|Any CPU
		{2BB4AEF1-5684-44A0-ACEE-326E4C676659}.ReleasePS3|Any CPU.ActiveCfg = ReleasePS3|Any CPU
		{2BB4AEF1-5684-44A0-ACEE-326E4C676659}.ReleasePS3|Any CPU.Build.0 = ReleasePS3|Any CPU
		{2BB4AEF1-5684-44A0-ACEE-326E4C676659}.SingleImage|Any CPU.ActiveCfg = Release|Any CPU
		{2BB4AEF1-5684-44A0-ACEE-326E4C676659}.SingleImage|Any CPU.Build.0 = Release|Any CPU
		{B0C6789A-5404-4EFD-8EFB-9AEC6D4617AB}.CD_ROM|Any CPU.ActiveCfg = Release|Any CPU
		{B0C6789A-5404-4EFD-8EFB-9AEC6D4617AB}.CD_ROM|Any CPU.Build.0 = Release|Any CPU
		{B0C6789A-5404-4EFD-8EFB-9AEC6D4617AB}.Debug|Any CPU.ActiveCfg = Debug|Any CPU
		{B0C6789A-5404-4EFD-8EFB-9AEC6D4617AB}.Debug|Any CPU.Build.0 = Debug|Any CPU
		{B0C6789A-5404-4EFD-8EFB-9AEC6D4617AB}.DebugPS2|Any CPU.ActiveCfg = DebugPS2|Any CPU
		{B0C6789A-5404-4EFD-8EFB-9AEC6D4617AB}.DebugPS2|Any CPU.Build.0 = DebugPS2|Any CPU
		{B0C6789A-5404-4EFD-8EFB-9AEC6D4617AB}.DebugPS3|Any CPU.ActiveCfg = DebugPS3|Any CPU
		{B0C6789A-5404-4EFD-8EFB-9AEC6D4617AB}.DebugPS3|Any CPU.Build.0 = DebugPS3|Any CPU
		{B0C6789A-5404-4EFD-8EFB-9AEC6D4617AB}.DVD-5|Any CPU.ActiveCfg = Debug|Any CPU
		{B0C6789A-5404-4EFD-8EFB-9AEC6D4617AB}.DVD-5|Any CPU.Build.0 = Debug|Any CPU
		{B0C6789A-5404-4EFD-8EFB-9AEC6D4617AB}.Release|Any CPU.ActiveCfg = Release|Any CPU
		{B0C6789A-5404-4EFD-8EFB-9AEC6D4617AB}.Release|Any CPU.Build.0 = Release|Any CPU
		{B0C6789A-5404-4EFD-8EFB-9AEC6D4617AB}.ReleasePS2|Any CPU.ActiveCfg = ReleasePS2|Any CPU
		{B0C6789A-5404-4EFD-8EFB-9AEC6D4617AB}.ReleasePS2|Any CPU.Build.0 = ReleasePS2|Any CPU
		{B0C6789A-5404-4EFD-8EFB-9AEC6D4617AB}.ReleasePS3|Any CPU.ActiveCfg = ReleasePS3|Any CPU
		{B0C6789A-5404-4EFD-8EFB-9AEC6D4617AB}.ReleasePS3|Any CPU.Build.0 = ReleasePS3|Any CPU
		{B0C6789A-5404-4EFD-8EFB-9AEC6D4617AB}.SingleImage|Any CPU.ActiveCfg = Release|Any CPU
		{B0C6789A-5404-4EFD-8EFB-9AEC6D4617AB}.SingleImage|Any CPU.Build.0 = Release|Any CPU
		{8C1F29FD-EB34-4DBB-A1CA-819BF73A4AEC}.CD_ROM|Any CPU.ActiveCfg = Release|Any CPU
		{8C1F29FD-EB34-4DBB-A1CA-819BF73A4AEC}.CD_ROM|Any CPU.Build.0 = Release|Any CPU
		{8C1F29FD-EB34-4DBB-A1CA-819BF73A4AEC}.Debug|Any CPU.ActiveCfg = Debug|Any CPU
		{8C1F29FD-EB34-4DBB-A1CA-819BF73A4AEC}.Debug|Any CPU.Build.0 = Debug|Any CPU
		{8C1F29FD-EB34-4DBB-A1CA-819BF73A4AEC}.DebugPS2|Any CPU.ActiveCfg = Debug|Any CPU
		{8C1F29FD-EB34-4DBB-A1CA-819BF73A4AEC}.DebugPS2|Any CPU.Build.0 = Debug|Any CPU
		{8C1F29FD-EB34-4DBB-A1CA-819BF73A4AEC}.DebugPS3|Any CPU.ActiveCfg = Debug|Any CPU
		{8C1F29FD-EB34-4DBB-A1CA-819BF73A4AEC}.DebugPS3|Any CPU.Build.0 = Debug|Any CPU
		{8C1F29FD-EB34-4DBB-A1CA-819BF73A4AEC}.DVD-5|Any CPU.ActiveCfg = Debug|Any CPU
		{8C1F29FD-EB34-4DBB-A1CA-819BF73A4AEC}.DVD-5|Any CPU.Build.0 = Debug|Any CPU
		{8C1F29FD-EB34-4DBB-A1CA-819BF73A4AEC}.Release|Any CPU.ActiveCfg = Release|Any CPU
		{8C1F29FD-EB34-4DBB-A1CA-819BF73A4AEC}.Release|Any CPU.Build.0 = Release|Any CPU
		{8C1F29FD-EB34-4DBB-A1CA-819BF73A4AEC}.ReleasePS2|Any CPU.ActiveCfg = Release|Any CPU
		{8C1F29FD-EB34-4DBB-A1CA-819BF73A4AEC}.ReleasePS2|Any CPU.Build.0 = Release|Any CPU
		{8C1F29FD-EB34-4DBB-A1CA-819BF73A4AEC}.ReleasePS3|Any CPU.ActiveCfg = Release|Any CPU
		{8C1F29FD-EB34-4DBB-A1CA-819BF73A4AEC}.ReleasePS3|Any CPU.Build.0 = Release|Any CPU
		{8C1F29FD-EB34-4DBB-A1CA-819BF73A4AEC}.SingleImage|Any CPU.ActiveCfg = Release|Any CPU
		{8C1F29FD-EB34-4DBB-A1CA-819BF73A4AEC}.SingleImage|Any CPU.Build.0 = Release|Any CPU
		{4BE857E7-98B4-436E-A623-2F0941ABCA3E}.CD_ROM|Any CPU.ActiveCfg = Release|Any CPU
		{4BE857E7-98B4-436E-A623-2F0941ABCA3E}.CD_ROM|Any CPU.Build.0 = Release|Any CPU
		{4BE857E7-98B4-436E-A623-2F0941ABCA3E}.Debug|Any CPU.ActiveCfg = Debug|Any CPU
		{4BE857E7-98B4-436E-A623-2F0941ABCA3E}.Debug|Any CPU.Build.0 = Debug|Any CPU
		{4BE857E7-98B4-436E-A623-2F0941ABCA3E}.DebugPS2|Any CPU.ActiveCfg = DebugPS2|Any CPU
		{4BE857E7-98B4-436E-A623-2F0941ABCA3E}.DebugPS2|Any CPU.Build.0 = DebugPS2|Any CPU
		{4BE857E7-98B4-436E-A623-2F0941ABCA3E}.DebugPS3|Any CPU.ActiveCfg = DebugPS3|Any CPU
		{4BE857E7-98B4-436E-A623-2F0941ABCA3E}.DebugPS3|Any CPU.Build.0 = DebugPS3|Any CPU
		{4BE857E7-98B4-436E-A623-2F0941ABCA3E}.DVD-5|Any CPU.ActiveCfg = Debug|Any CPU
		{4BE857E7-98B4-436E-A623-2F0941ABCA3E}.DVD-5|Any CPU.Build.0 = Debug|Any CPU
		{4BE857E7-98B4-436E-A623-2F0941ABCA3E}.Release|Any CPU.ActiveCfg = Release|Any CPU
		{4BE857E7-98B4-436E-A623-2F0941ABCA3E}.Release|Any CPU.Build.0 = Release|Any CPU
		{4BE857E7-98B4-436E-A623-2F0941ABCA3E}.ReleasePS2|Any CPU.ActiveCfg = ReleasePS2|Any CPU
		{4BE857E7-98B4-436E-A623-2F0941ABCA3E}.ReleasePS2|Any CPU.Build.0 = ReleasePS2|Any CPU
		{4BE857E7-98B4-436E-A623-2F0941ABCA3E}.ReleasePS3|Any CPU.ActiveCfg = ReleasePS3|Any CPU
		{4BE857E7-98B4-436E-A623-2F0941ABCA3E}.ReleasePS3|Any CPU.Build.0 = ReleasePS3|Any CPU
		{4BE857E7-98B4-436E-A623-2F0941ABCA3E}.SingleImage|Any CPU.ActiveCfg = Release|Any CPU
		{4BE857E7-98B4-436E-A623-2F0941ABCA3E}.SingleImage|Any CPU.Build.0 = Release|Any CPU
		{2E161262-30CB-4EFC-AFDD-B4D8D5529FC6}.CD_ROM|Any CPU.ActiveCfg = Release|Any CPU
		{2E161262-30CB-4EFC-AFDD-B4D8D5529FC6}.CD_ROM|Any CPU.Build.0 = Release|Any CPU
		{2E161262-30CB-4EFC-AFDD-B4D8D5529FC6}.Debug|Any CPU.ActiveCfg = Debug|Any CPU
		{2E161262-30CB-4EFC-AFDD-B4D8D5529FC6}.Debug|Any CPU.Build.0 = Debug|Any CPU
		{2E161262-30CB-4EFC-AFDD-B4D8D5529FC6}.DebugPS2|Any CPU.ActiveCfg = DebugPS2|Any CPU
		{2E161262-30CB-4EFC-AFDD-B4D8D5529FC6}.DebugPS2|Any CPU.Build.0 = DebugPS2|Any CPU
		{2E161262-30CB-4EFC-AFDD-B4D8D5529FC6}.DebugPS3|Any CPU.ActiveCfg = DebugPS3|Any CPU
		{2E161262-30CB-4EFC-AFDD-B4D8D5529FC6}.DebugPS3|Any CPU.Build.0 = DebugPS3|Any CPU
		{2E161262-30CB-4EFC-AFDD-B4D8D5529FC6}.DVD-5|Any CPU.ActiveCfg = Debug|Any CPU
		{2E161262-30CB-4EFC-AFDD-B4D8D5529FC6}.DVD-5|Any CPU.Build.0 = Debug|Any CPU
		{2E161262-30CB-4EFC-AFDD-B4D8D5529FC6}.Release|Any CPU.ActiveCfg = Release|Any CPU
		{2E161262-30CB-4EFC-AFDD-B4D8D5529FC6}.Release|Any CPU.Build.0 = Release|Any CPU
		{2E161262-30CB-4EFC-AFDD-B4D8D5529FC6}.ReleasePS2|Any CPU.ActiveCfg = ReleasePS2|Any CPU
		{2E161262-30CB-4EFC-AFDD-B4D8D5529FC6}.ReleasePS2|Any CPU.Build.0 = ReleasePS2|Any CPU
		{2E161262-30CB-4EFC-AFDD-B4D8D5529FC6}.ReleasePS3|Any CPU.ActiveCfg = ReleasePS3|Any CPU
		{2E161262-30CB-4EFC-AFDD-B4D8D5529FC6}.ReleasePS3|Any CPU.Build.0 = ReleasePS3|Any CPU
		{2E161262-30CB-4EFC-AFDD-B4D8D5529FC6}.SingleImage|Any CPU.ActiveCfg = Release|Any CPU
		{2E161262-30CB-4EFC-AFDD-B4D8D5529FC6}.SingleImage|Any CPU.Build.0 = Release|Any CPU
		{B4A15FD4-53D1-4E4E-8DBF-D9A7F71EE61E}.CD_ROM|Any CPU.ActiveCfg = Release|Any CPU
		{B4A15FD4-53D1-4E4E-8DBF-D9A7F71EE61E}.CD_ROM|Any CPU.Build.0 = Release|Any CPU
		{B4A15FD4-53D1-4E4E-8DBF-D9A7F71EE61E}.Debug|Any CPU.ActiveCfg = Debug|Any CPU
		{B4A15FD4-53D1-4E4E-8DBF-D9A7F71EE61E}.Debug|Any CPU.Build.0 = Debug|Any CPU
		{B4A15FD4-53D1-4E4E-8DBF-D9A7F71EE61E}.DebugPS2|Any CPU.ActiveCfg = Debug|Any CPU
		{B4A15FD4-53D1-4E4E-8DBF-D9A7F71EE61E}.DebugPS2|Any CPU.Build.0 = Debug|Any CPU
		{B4A15FD4-53D1-4E4E-8DBF-D9A7F71EE61E}.DebugPS3|Any CPU.ActiveCfg = Debug|Any CPU
		{B4A15FD4-53D1-4E4E-8DBF-D9A7F71EE61E}.DebugPS3|Any CPU.Build.0 = Debug|Any CPU
		{B4A15FD4-53D1-4E4E-8DBF-D9A7F71EE61E}.DVD-5|Any CPU.ActiveCfg = Debug|Any CPU
		{B4A15FD4-53D1-4E4E-8DBF-D9A7F71EE61E}.DVD-5|Any CPU.Build.0 = Debug|Any CPU
		{B4A15FD4-53D1-4E4E-8DBF-D9A7F71EE61E}.Release|Any CPU.ActiveCfg = Release|Any CPU
		{B4A15FD4-53D1-4E4E-8DBF-D9A7F71EE61E}.Release|Any CPU.Build.0 = Release|Any CPU
		{B4A15FD4-53D1-4E4E-8DBF-D9A7F71EE61E}.ReleasePS2|Any CPU.ActiveCfg = Release|Any CPU
		{B4A15FD4-53D1-4E4E-8DBF-D9A7F71EE61E}.ReleasePS2|Any CPU.Build.0 = Release|Any CPU
		{B4A15FD4-53D1-4E4E-8DBF-D9A7F71EE61E}.ReleasePS3|Any CPU.ActiveCfg = Release|Any CPU
		{B4A15FD4-53D1-4E4E-8DBF-D9A7F71EE61E}.ReleasePS3|Any CPU.Build.0 = Release|Any CPU
		{B4A15FD4-53D1-4E4E-8DBF-D9A7F71EE61E}.SingleImage|Any CPU.ActiveCfg = Release|Any CPU
		{B4A15FD4-53D1-4E4E-8DBF-D9A7F71EE61E}.SingleImage|Any CPU.Build.0 = Release|Any CPU
		{1A4EF800-90F7-413D-820E-497FEFCF86DE}.CD_ROM|Any CPU.ActiveCfg = Release|Any CPU
		{1A4EF800-90F7-413D-820E-497FEFCF86DE}.CD_ROM|Any CPU.Build.0 = Release|Any CPU
		{1A4EF800-90F7-413D-820E-497FEFCF86DE}.Debug|Any CPU.ActiveCfg = Debug|Any CPU
		{1A4EF800-90F7-413D-820E-497FEFCF86DE}.Debug|Any CPU.Build.0 = Debug|Any CPU
		{1A4EF800-90F7-413D-820E-497FEFCF86DE}.DebugPS2|Any CPU.ActiveCfg = Debug|Any CPU
		{1A4EF800-90F7-413D-820E-497FEFCF86DE}.DebugPS2|Any CPU.Build.0 = Debug|Any CPU
		{1A4EF800-90F7-413D-820E-497FEFCF86DE}.DebugPS3|Any CPU.ActiveCfg = Debug|Any CPU
		{1A4EF800-90F7-413D-820E-497FEFCF86DE}.DebugPS3|Any CPU.Build.0 = Debug|Any CPU
		{1A4EF800-90F7-413D-820E-497FEFCF86DE}.DVD-5|Any CPU.ActiveCfg = Debug|Any CPU
		{1A4EF800-90F7-413D-820E-497FEFCF86DE}.DVD-5|Any CPU.Build.0 = Debug|Any CPU
		{1A4EF800-90F7-413D-820E-497FEFCF86DE}.Release|Any CPU.ActiveCfg = Release|Any CPU
		{1A4EF800-90F7-413D-820E-497FEFCF86DE}.Release|Any CPU.Build.0 = Release|Any CPU
		{1A4EF800-90F7-413D-820E-497FEFCF86DE}.ReleasePS2|Any CPU.ActiveCfg = Release|Any CPU
		{1A4EF800-90F7-413D-820E-497FEFCF86DE}.ReleasePS2|Any CPU.Build.0 = Release|Any CPU
		{1A4EF800-90F7-413D-820E-497FEFCF86DE}.ReleasePS3|Any CPU.ActiveCfg = Release|Any CPU
		{1A4EF800-90F7-413D-820E-497FEFCF86DE}.ReleasePS3|Any CPU.Build.0 = Release|Any CPU
		{1A4EF800-90F7-413D-820E-497FEFCF86DE}.SingleImage|Any CPU.ActiveCfg = Release|Any CPU
		{1A4EF800-90F7-413D-820E-497FEFCF86DE}.SingleImage|Any CPU.Build.0 = Release|Any CPU
		{68BB6B97-CB36-463A-B854-C268C6E87D74}.CD_ROM|Any CPU.ActiveCfg = Release|Any CPU
		{68BB6B97-CB36-463A-B854-C268C6E87D74}.CD_ROM|Any CPU.Build.0 = Release|Any CPU
		{68BB6B97-CB36-463A-B854-C268C6E87D74}.Debug|Any CPU.ActiveCfg = Debug|Any CPU
		{68BB6B97-CB36-463A-B854-C268C6E87D74}.Debug|Any CPU.Build.0 = Debug|Any CPU
		{68BB6B97-CB36-463A-B854-C268C6E87D74}.DebugPS2|Any CPU.ActiveCfg = Debug|Any CPU
		{68BB6B97-CB36-463A-B854-C268C6E87D74}.DebugPS2|Any CPU.Build.0 = Debug|Any CPU
		{68BB6B97-CB36-463A-B854-C268C6E87D74}.DebugPS3|Any CPU.ActiveCfg = Debug|Any CPU
		{68BB6B97-CB36-463A-B854-C268C6E87D74}.DebugPS3|Any CPU.Build.0 = Debug|Any CPU
		{68BB6B97-CB36-463A-B854-C268C6E87D74}.DVD-5|Any CPU.ActiveCfg = Debug|Any CPU
		{68BB6B97-CB36-463A-B854-C268C6E87D74}.DVD-5|Any CPU.Build.0 = Debug|Any CPU
		{68BB6B97-CB36-463A-B854-C268C6E87D74}.Release|Any CPU.ActiveCfg = Release|Any CPU
		{68BB6B97-CB36-463A-B854-C268C6E87D74}.Release|Any CPU.Build.0 = Release|Any CPU
		{68BB6B97-CB36-463A-B854-C268C6E87D74}.ReleasePS2|Any CPU.ActiveCfg = Release|Any CPU
		{68BB6B97-CB36-463A-B854-C268C6E87D74}.ReleasePS2|Any CPU.Build.0 = Release|Any CPU
		{68BB6B97-CB36-463A-B854-C268C6E87D74}.ReleasePS3|Any CPU.ActiveCfg = Release|Any CPU
		{68BB6B97-CB36-463A-B854-C268C6E87D74}.ReleasePS3|Any CPU.Build.0 = Release|Any CPU
		{68BB6B97-CB36-463A-B854-C268C6E87D74}.SingleImage|Any CPU.ActiveCfg = Release|Any CPU
		{68BB6B97-CB36-463A-B854-C268C6E87D74}.SingleImage|Any CPU.Build.0 = Release|Any CPU
		{B75A10F6-19B2-4104-9CFF-4977626936A9}.CD_ROM|Any CPU.ActiveCfg = Release|Any CPU
		{B75A10F6-19B2-4104-9CFF-4977626936A9}.CD_ROM|Any CPU.Build.0 = Release|Any CPU
		{B75A10F6-19B2-4104-9CFF-4977626936A9}.Debug|Any CPU.ActiveCfg = Debug|Any CPU
		{B75A10F6-19B2-4104-9CFF-4977626936A9}.Debug|Any CPU.Build.0 = Debug|Any CPU
		{B75A10F6-19B2-4104-9CFF-4977626936A9}.DebugPS2|Any CPU.ActiveCfg = Debug|Any CPU
		{B75A10F6-19B2-4104-9CFF-4977626936A9}.DebugPS2|Any CPU.Build.0 = Debug|Any CPU
		{B75A10F6-19B2-4104-9CFF-4977626936A9}.DebugPS3|Any CPU.ActiveCfg = Debug|Any CPU
		{B75A10F6-19B2-4104-9CFF-4977626936A9}.DebugPS3|Any CPU.Build.0 = Debug|Any CPU
		{B75A10F6-19B2-4104-9CFF-4977626936A9}.DVD-5|Any CPU.ActiveCfg = Debug|Any CPU
		{B75A10F6-19B2-4104-9CFF-4977626936A9}.DVD-5|Any CPU.Build.0 = Debug|Any CPU
		{B75A10F6-19B2-4104-9CFF-4977626936A9}.Release|Any CPU.ActiveCfg = Release|Any CPU
		{B75A10F6-19B2-4104-9CFF-4977626936A9}.Release|Any CPU.Build.0 = Release|Any CPU
		{B75A10F6-19B2-4104-9CFF-4977626936A9}.ReleasePS2|Any CPU.ActiveCfg = Release|Any CPU
		{B75A10F6-19B2-4104-9CFF-4977626936A9}.ReleasePS2|Any CPU.Build.0 = Release|Any CPU
		{B75A10F6-19B2-4104-9CFF-4977626936A9}.ReleasePS3|Any CPU.ActiveCfg = Release|Any CPU
		{B75A10F6-19B2-4104-9CFF-4977626936A9}.ReleasePS3|Any CPU.Build.0 = Release|Any CPU
		{B75A10F6-19B2-4104-9CFF-4977626936A9}.SingleImage|Any CPU.ActiveCfg = Release|Any CPU
		{B75A10F6-19B2-4104-9CFF-4977626936A9}.SingleImage|Any CPU.Build.0 = Release|Any CPU
		{BB8270DC-E151-4FF2-8D15-675EF026A32A}.CD_ROM|Any CPU.ActiveCfg = Release|Any CPU
		{BB8270DC-E151-4FF2-8D15-675EF026A32A}.CD_ROM|Any CPU.Build.0 = Release|Any CPU
		{BB8270DC-E151-4FF2-8D15-675EF026A32A}.Debug|Any CPU.ActiveCfg = Debug|Any CPU
		{BB8270DC-E151-4FF2-8D15-675EF026A32A}.Debug|Any CPU.Build.0 = Debug|Any CPU
		{BB8270DC-E151-4FF2-8D15-675EF026A32A}.DebugPS2|Any CPU.ActiveCfg = Debug|Any CPU
		{BB8270DC-E151-4FF2-8D15-675EF026A32A}.DebugPS2|Any CPU.Build.0 = Debug|Any CPU
		{BB8270DC-E151-4FF2-8D15-675EF026A32A}.DebugPS3|Any CPU.ActiveCfg = Debug|Any CPU
		{BB8270DC-E151-4FF2-8D15-675EF026A32A}.DebugPS3|Any CPU.Build.0 = Debug|Any CPU
		{BB8270DC-E151-4FF2-8D15-675EF026A32A}.DVD-5|Any CPU.ActiveCfg = Debug|Any CPU
		{BB8270DC-E151-4FF2-8D15-675EF026A32A}.DVD-5|Any CPU.Build.0 = Debug|Any CPU
		{BB8270DC-E151-4FF2-8D15-675EF026A32A}.Release|Any CPU.ActiveCfg = Release|Any CPU
		{BB8270DC-E151-4FF2-8D15-675EF026A32A}.Release|Any CPU.Build.0 = Release|Any CPU
		{BB8270DC-E151-4FF2-8D15-675EF026A32A}.ReleasePS2|Any CPU.ActiveCfg = Release|Any CPU
		{BB8270DC-E151-4FF2-8D15-675EF026A32A}.ReleasePS2|Any CPU.Build.0 = Release|Any CPU
		{BB8270DC-E151-4FF2-8D15-675EF026A32A}.ReleasePS3|Any CPU.ActiveCfg = Release|Any CPU
		{BB8270DC-E151-4FF2-8D15-675EF026A32A}.ReleasePS3|Any CPU.Build.0 = Release|Any CPU
		{BB8270DC-E151-4FF2-8D15-675EF026A32A}.SingleImage|Any CPU.ActiveCfg = Release|Any CPU
		{BB8270DC-E151-4FF2-8D15-675EF026A32A}.SingleImage|Any CPU.Build.0 = Release|Any CPU
	EndGlobalSection
	GlobalSection(SolutionProperties) = preSolution
		HideSolutionNode = FALSE
	EndGlobalSection
	GlobalSection(NestedProjects) = preSolution
		{833B8745-0431-4DFC-986A-340C840667C4} = {7FB70CDA-4CD6-422A-A62D-7E41613C3388}
		{F3508D88-E526-4DB8-8879-3D844BBD4AC2} = {7FB70CDA-4CD6-422A-A62D-7E41613C3388}
		{F4998CDB-2949-4C2B-9A2B-72B61F44CA4F} = {C774424F-FA1E-4E77-AC61-054B848FD993}
		{F32B9A73-7059-4CC3-B376-D6BAB4AB76FB} = {C774424F-FA1E-4E77-AC61-054B848FD993}
		{EE4D730A-CF19-41EB-93AB-A1183C9EC14D} = {9BC7C0D9-B0A0-4F34-93E7-29E3136CB622}
		{C0CA8AB4-F6E7-4672-82A9-2F6BB2114D67} = {9BC7C0D9-B0A0-4F34-93E7-29E3136CB622}
		{40F4C26C-05B3-436E-ABF1-3044176D1FE8} = {F5D07E3B-5C87-4C20-A129-C3FF471C23A2}
		{2BB4AEF1-5684-44A0-ACEE-326E4C676659} = {1882C9D2-9AA3-4680-BB3E-255ABF4CDEC9}
		{B0C6789A-5404-4EFD-8EFB-9AEC6D4617AB} = {1882C9D2-9AA3-4680-BB3E-255ABF4CDEC9}
		{48C415CD-E07B-4E0B-9087-A3A33F90CE73} = {1882C9D2-9AA3-4680-BB3E-255ABF4CDEC9}
		{2E161262-30CB-4EFC-AFDD-B4D8D5529FC6} = {54DBA9CA-1337-4C3D-A9A1-8F8D5FE84FFA}
		{B4A15FD4-53D1-4E4E-8DBF-D9A7F71EE61E} = {54DBA9CA-1337-4C3D-A9A1-8F8D5FE84FFA}
		{1A4EF800-90F7-413D-820E-497FEFCF86DE} = {C774424F-FA1E-4E77-AC61-054B848FD993}
		{68BB6B97-CB36-463A-B854-C268C6E87D74} = {9BC7C0D9-B0A0-4F34-93E7-29E3136CB622}
		{B75A10F6-19B2-4104-9CFF-4977626936A9} = {54DBA9CA-1337-4C3D-A9A1-8F8D5FE84FFA}
		{BB8270DC-E151-4FF2-8D15-675EF026A32A} = {1882C9D2-9AA3-4680-BB3E-255ABF4CDEC9}
		{9C631468-D535-4E45-A71D-722B912C347E} = {70233A10-5051-4811-959E-2C05A59C3DAA}
		{5AC8E2CB-C360-4945-8E00-94BB77A8B4F6} = {70233A10-5051-4811-959E-2C05A59C3DAA}
	EndGlobalSection
	GlobalSection(ExtensibilityGlobals) = postSolution
		EnterpriseLibraryConfigurationToolBinariesPath = packages\Unity.2.1.505.2\lib\NET35
	EndGlobalSection
EndGlobal
