
Microsoft Visual Studio Solution File, Format Version 12.00
# Visual Studio 14
VisualStudioVersion = 14.0.24720.0
MinimumVisualStudioVersion = 10.0.40219.1
Project("{2150E333-8FDC-42A3-9474-1A3956D46DE8}") = "WinForms", "WinForms", "{7FB70CDA-4CD6-422A-A62D-7E41613C3388}"
EndProject
Project("{2150E333-8FDC-42A3-9474-1A3956D46DE8}") = "GDIPlus", "GDIPlus", "{72F8B79D-B5A3-4C8B-ABD7-4E5A35E11529}"
EndProject
Project("{F5034706-568F-408A-B7B3-4D38C6DB8A32}") = "Installer", "GDIPlus\Installer\Installer.pssproj", "{8EB5728D-9171-4FFF-8680-18C408002019}"
EndProject
Project("{F5034706-568F-408A-B7B3-4D38C6DB8A32}") = "Installer", "WinForms\Installer\Installer.pssproj", "{833B8745-0431-4DFC-986A-340C840667C4}"
EndProject
Project("{FAE04EC0-301F-11D3-BF4B-00C04F79EFBC}") = "WinForms", "WinForms\WinForms\WinForms.csproj", "{F3508D88-E526-4DB8-8879-3D844BBD4AC2}"
EndProject
Project("{FAE04EC0-301F-11D3-BF4B-00C04F79EFBC}") = "GDIPlus", "GDIPlus\GDIPlus\GDIPlus.csproj", "{F4D8E16C-C2A5-4B97-BD00-58F9B17EA01F}"
EndProject
Project("{2150E333-8FDC-42A3-9474-1A3956D46DE8}") = "Solution Items", "Solution Items", "{A19AF169-44DD-4737-82DD-AB83CF18B77A}"
	ProjectSection(SolutionItems) = preProject
		LICENSE = LICENSE
		README.md = README.md
	EndProjectSection
EndProject
Project("{2150E333-8FDC-42A3-9474-1A3956D46DE8}") = "CryptoShare", "CryptoShare", "{6C8C2F7B-CA66-4EDA-B7F3-F6217409F3FF}"
EndProject
Project("{F5034706-568F-408A-B7B3-4D38C6DB8A32}") = "Installer", "CryptoShare\Installer\Installer.pssproj", "{6CAFC0C6-A428-4D30-A9F9-700E829FEA51}"
EndProject
Project("{FAE04EC0-301F-11D3-BF4B-00C04F79EFBC}") = "CryptoShare", "CryptoShare\CryptoShare\CryptoShare.csproj", "{CBC8623B-165A-47F1-949B-016A43792078}"
EndProject
Project("{2150E333-8FDC-42A3-9474-1A3956D46DE8}") = "CertificateCryptography", "CertificateCryptography", "{76C6386C-D283-454E-B9EE-680976C6C247}"
EndProject
Project("{2150E333-8FDC-42A3-9474-1A3956D46DE8}") = "LteDev", "LteDev", "{F3C490C4-AE6E-410F-918B-D31F248BBD1A}"
EndProject
Project("{2150E333-8FDC-42A3-9474-1A3956D46DE8}") = "LteUtils", "LteUtils", "{EEC1FC30-205E-46D6-9AF3-2DE3589D40C4}"
EndProject
Project("{2150E333-8FDC-42A3-9474-1A3956D46DE8}") = "UserFileUtils", "UserFileUtils", "{79E565D1-6DE0-4093-AFEB-02CD801792B0}"
EndProject
Project("{2150E333-8FDC-42A3-9474-1A3956D46DE8}") = "WindowsForms", "WindowsForms", "{FA296C2F-A68A-4071-85DA-8FCD91CCFECF}"
EndProject
Project("{F5034706-568F-408A-B7B3-4D38C6DB8A32}") = "CertificateCryptography", "CertificateCryptography\CertificateCryptography\CertificateCryptography.pssproj", "{A8B997E3-8FB4-45FE-926C-12948D7B284D}"
EndProject
Project("{F5034706-568F-408A-B7B3-4D38C6DB8A32}") = "UserFileUtils", "UserFileUtils\UserFileUtils\UserFileUtils.pssproj", "{32406BD3-731F-40EF-999E-0543468FB62C}"
EndProject
Project("{F5034706-568F-408A-B7B3-4D38C6DB8A32}") = "LteUtils", "LteUtils\LteUtils\LteUtils.pssproj", "{D32F7AEF-0707-4425-A032-BF9F38F50867}"
EndProject
Project("{F5034706-568F-408A-B7B3-4D38C6DB8A32}") = "LteDev", "LteDev\LteDev\LteDev.pssproj", "{40F4C26C-05B3-436E-ABF1-3044176D1FE8}"
EndProject
Project("{F5034706-568F-408A-B7B3-4D38C6DB8A32}") = "WindowsForms", "WindowsForms\WindowsForms\WindowsForms.pssproj", "{96B46506-A3B4-4CCC-ABDB-B6C2DE5CCBFB}"
EndProject
Project("{F5034706-568F-408A-B7B3-4D38C6DB8A32}") = "CryptographyScripts", "CertificateCryptography\CryptographyScripts\CryptographyScripts.pssproj", "{1D07BEB6-EDA9-4A68-B2D3-7BA5B66C5406}"
EndProject
Global
	GlobalSection(SolutionConfigurationPlatforms) = preSolution
		Debug|Any CPU = Debug|Any CPU
		Release|Any CPU = Release|Any CPU
	EndGlobalSection
	GlobalSection(ProjectConfigurationPlatforms) = postSolution
		{8EB5728D-9171-4FFF-8680-18C408002019}.Debug|Any CPU.ActiveCfg = Debug|Any CPU
		{8EB5728D-9171-4FFF-8680-18C408002019}.Debug|Any CPU.Build.0 = Debug|Any CPU
		{8EB5728D-9171-4FFF-8680-18C408002019}.Release|Any CPU.ActiveCfg = Release|Any CPU
		{8EB5728D-9171-4FFF-8680-18C408002019}.Release|Any CPU.Build.0 = Release|Any CPU
		{833B8745-0431-4DFC-986A-340C840667C4}.Debug|Any CPU.ActiveCfg = Debug|Any CPU
		{833B8745-0431-4DFC-986A-340C840667C4}.Debug|Any CPU.Build.0 = Debug|Any CPU
		{833B8745-0431-4DFC-986A-340C840667C4}.Release|Any CPU.ActiveCfg = Release|Any CPU
		{833B8745-0431-4DFC-986A-340C840667C4}.Release|Any CPU.Build.0 = Release|Any CPU
		{F3508D88-E526-4DB8-8879-3D844BBD4AC2}.Debug|Any CPU.ActiveCfg = Debug|Any CPU
		{F3508D88-E526-4DB8-8879-3D844BBD4AC2}.Debug|Any CPU.Build.0 = Debug|Any CPU
		{F3508D88-E526-4DB8-8879-3D844BBD4AC2}.Release|Any CPU.ActiveCfg = Release|Any CPU
		{F3508D88-E526-4DB8-8879-3D844BBD4AC2}.Release|Any CPU.Build.0 = Release|Any CPU
		{F4D8E16C-C2A5-4B97-BD00-58F9B17EA01F}.Debug|Any CPU.ActiveCfg = Debug|Any CPU
		{F4D8E16C-C2A5-4B97-BD00-58F9B17EA01F}.Debug|Any CPU.Build.0 = Debug|Any CPU
		{F4D8E16C-C2A5-4B97-BD00-58F9B17EA01F}.Release|Any CPU.ActiveCfg = Release|Any CPU
		{F4D8E16C-C2A5-4B97-BD00-58F9B17EA01F}.Release|Any CPU.Build.0 = Release|Any CPU
		{6CAFC0C6-A428-4D30-A9F9-700E829FEA51}.Debug|Any CPU.ActiveCfg = Debug|Any CPU
		{6CAFC0C6-A428-4D30-A9F9-700E829FEA51}.Debug|Any CPU.Build.0 = Debug|Any CPU
		{6CAFC0C6-A428-4D30-A9F9-700E829FEA51}.Release|Any CPU.ActiveCfg = Release|Any CPU
		{6CAFC0C6-A428-4D30-A9F9-700E829FEA51}.Release|Any CPU.Build.0 = Release|Any CPU
		{CBC8623B-165A-47F1-949B-016A43792078}.Debug|Any CPU.ActiveCfg = Debug|Any CPU
		{CBC8623B-165A-47F1-949B-016A43792078}.Debug|Any CPU.Build.0 = Debug|Any CPU
		{CBC8623B-165A-47F1-949B-016A43792078}.Release|Any CPU.ActiveCfg = Release|Any CPU
		{CBC8623B-165A-47F1-949B-016A43792078}.Release|Any CPU.Build.0 = Release|Any CPU
		{A8B997E3-8FB4-45FE-926C-12948D7B284D}.Debug|Any CPU.ActiveCfg = Debug|Any CPU
		{A8B997E3-8FB4-45FE-926C-12948D7B284D}.Debug|Any CPU.Build.0 = Debug|Any CPU
		{A8B997E3-8FB4-45FE-926C-12948D7B284D}.Release|Any CPU.ActiveCfg = Release|Any CPU
		{A8B997E3-8FB4-45FE-926C-12948D7B284D}.Release|Any CPU.Build.0 = Release|Any CPU
		{32406BD3-731F-40EF-999E-0543468FB62C}.Debug|Any CPU.ActiveCfg = Debug|Any CPU
		{32406BD3-731F-40EF-999E-0543468FB62C}.Debug|Any CPU.Build.0 = Debug|Any CPU
		{32406BD3-731F-40EF-999E-0543468FB62C}.Release|Any CPU.ActiveCfg = Release|Any CPU
		{32406BD3-731F-40EF-999E-0543468FB62C}.Release|Any CPU.Build.0 = Release|Any CPU
		{D32F7AEF-0707-4425-A032-BF9F38F50867}.Debug|Any CPU.ActiveCfg = Debug|Any CPU
		{D32F7AEF-0707-4425-A032-BF9F38F50867}.Debug|Any CPU.Build.0 = Debug|Any CPU
		{D32F7AEF-0707-4425-A032-BF9F38F50867}.Release|Any CPU.ActiveCfg = Release|Any CPU
		{D32F7AEF-0707-4425-A032-BF9F38F50867}.Release|Any CPU.Build.0 = Release|Any CPU
		{40F4C26C-05B3-436E-ABF1-3044176D1FE8}.Debug|Any CPU.ActiveCfg = Debug|Any CPU
		{40F4C26C-05B3-436E-ABF1-3044176D1FE8}.Debug|Any CPU.Build.0 = Debug|Any CPU
		{40F4C26C-05B3-436E-ABF1-3044176D1FE8}.Release|Any CPU.ActiveCfg = Release|Any CPU
		{40F4C26C-05B3-436E-ABF1-3044176D1FE8}.Release|Any CPU.Build.0 = Release|Any CPU
		{96B46506-A3B4-4CCC-ABDB-B6C2DE5CCBFB}.Debug|Any CPU.ActiveCfg = Debug|Any CPU
		{96B46506-A3B4-4CCC-ABDB-B6C2DE5CCBFB}.Debug|Any CPU.Build.0 = Debug|Any CPU
		{96B46506-A3B4-4CCC-ABDB-B6C2DE5CCBFB}.Release|Any CPU.ActiveCfg = Release|Any CPU
		{96B46506-A3B4-4CCC-ABDB-B6C2DE5CCBFB}.Release|Any CPU.Build.0 = Release|Any CPU
		{1D07BEB6-EDA9-4A68-B2D3-7BA5B66C5406}.Debug|Any CPU.ActiveCfg = Debug|Any CPU
		{1D07BEB6-EDA9-4A68-B2D3-7BA5B66C5406}.Debug|Any CPU.Build.0 = Debug|Any CPU
		{1D07BEB6-EDA9-4A68-B2D3-7BA5B66C5406}.Release|Any CPU.ActiveCfg = Release|Any CPU
		{1D07BEB6-EDA9-4A68-B2D3-7BA5B66C5406}.Release|Any CPU.Build.0 = Release|Any CPU
	EndGlobalSection
	GlobalSection(SolutionProperties) = preSolution
		HideSolutionNode = FALSE
	EndGlobalSection
	GlobalSection(NestedProjects) = preSolution
		{8EB5728D-9171-4FFF-8680-18C408002019} = {72F8B79D-B5A3-4C8B-ABD7-4E5A35E11529}
		{833B8745-0431-4DFC-986A-340C840667C4} = {7FB70CDA-4CD6-422A-A62D-7E41613C3388}
		{F3508D88-E526-4DB8-8879-3D844BBD4AC2} = {7FB70CDA-4CD6-422A-A62D-7E41613C3388}
		{F4D8E16C-C2A5-4B97-BD00-58F9B17EA01F} = {72F8B79D-B5A3-4C8B-ABD7-4E5A35E11529}
		{6CAFC0C6-A428-4D30-A9F9-700E829FEA51} = {6C8C2F7B-CA66-4EDA-B7F3-F6217409F3FF}
		{CBC8623B-165A-47F1-949B-016A43792078} = {6C8C2F7B-CA66-4EDA-B7F3-F6217409F3FF}
		{A8B997E3-8FB4-45FE-926C-12948D7B284D} = {76C6386C-D283-454E-B9EE-680976C6C247}
		{32406BD3-731F-40EF-999E-0543468FB62C} = {79E565D1-6DE0-4093-AFEB-02CD801792B0}
		{D32F7AEF-0707-4425-A032-BF9F38F50867} = {EEC1FC30-205E-46D6-9AF3-2DE3589D40C4}
		{40F4C26C-05B3-436E-ABF1-3044176D1FE8} = {F3C490C4-AE6E-410F-918B-D31F248BBD1A}
		{96B46506-A3B4-4CCC-ABDB-B6C2DE5CCBFB} = {FA296C2F-A68A-4071-85DA-8FCD91CCFECF}
		{1D07BEB6-EDA9-4A68-B2D3-7BA5B66C5406} = {76C6386C-D283-454E-B9EE-680976C6C247}
	EndGlobalSection
	GlobalSection(ExtensibilityGlobals) = postSolution
		EnterpriseLibraryConfigurationToolBinariesPath = packages\Unity.2.1.505.2\lib\NET35
	EndGlobalSection
EndGlobal
