Microsoft Visual Studio Solution File, Format Version 12.00
# Visual Studio Version 16
VisualStudioVersion = 16.0.32126.315
MinimumVisualStudioVersion = 10.0.40219.1
Project("{2150E333-8FDC-42A3-9474-1A3956D46DE8}") = "Solution Items", "Solution Items", "{A19AF169-44DD-4737-82DD-AB83CF18B77A}"
	ProjectSection(SolutionItems) = preProject
		Common.ttinc = Common.ttinc
		CommonTypes.xsd = CommonTypes.xsd
		PostBuild.bat = PostBuild.bat
		PostBuild.ps1 = PostBuild.ps1
	EndProjectSection
EndProject
Project("{FAE04EC0-301F-11D3-BF4B-00C04F79EFBC}") = "LteDev", "LteDev\LteDev.csproj", "{BEC1C1E3-8D93-45B0-ADEB-847C576E6231}"
EndProject
Project("{FAE04EC0-301F-11D3-BF4B-00C04F79EFBC}") = "CredentialStorage", "CredentialStorage\CredentialStorage.csproj", "{14E68E55-2E4D-45E9-9E16-8AB9924BD4AE}"
EndProject
Project("{FAE04EC0-301F-11D3-BF4B-00C04F79EFBC}") = "GDIPlus", "GDIPlus\GDIPlus.csproj", "{D8BB36E9-055D-4AF7-B57D-BCB67C457383}"
EndProject
Project("{FAE04EC0-301F-11D3-BF4B-00C04F79EFBC}") = "NetworkUtility", "NetworkUtility\NetworkUtility.csproj", "{F11DDEF6-E803-45E7-B49A-68876B352E39}"
EndProject
Project("{FAE04EC0-301F-11D3-BF4B-00C04F79EFBC}") = "XmlUtility", "XmlUtility\XmlUtility.csproj", "{9D184A11-3E95-47BB-90C1-98A456225200}"
EndProject
Project("{FAE04EC0-301F-11D3-BF4B-00C04F79EFBC}") = "PSDB", "PSDB\PSDB.csproj", "{DB0BD3F8-B09D-4688-AD2E-EC1F24945D37}"
EndProject
Project("{FAE04EC0-301F-11D3-BF4B-00C04F79EFBC}") = "PsMsBuildHelper", "PsMsBuildHelper\PsMsBuildHelper.csproj", "{495E7263-E73D-402C-93DB-0BE801F94FEC}"
EndProject
Project("{FAE04EC0-301F-11D3-BF4B-00C04F79EFBC}") = "UnitTestProject1", "UnitTestProject1\UnitTestProject1.csproj", "{5B71712C-6407-4B3E-A074-F6309DCA00FE}"
EndProject
Project("{FAE04EC0-301F-11D3-BF4B-00C04F79EFBC}") = "MsExcelUtil", "MsExcelUtil\MsExcelUtil.csproj", "{EDCD5847-1A85-48EF-8890-2C8A657B5B29}"
Project("{FAE04EC0-301F-11D3-BF4B-00C04F79EFBC}") = "WinIOUtility", "WinIOUtility\WinIOUtility.csproj", "{1BEEFB64-087A-4A04-92A6-E105BB6D3EA4}"
EndProject
Project("{FAE04EC0-301F-11D3-BF4B-00C04F79EFBC}") = "CertificateCryptography", "CertificateCryptography\CertificateCryptography.csproj", "{9CDECEFF-CEB0-46E2-87F3-7797CD46B712}"
EndProject
Global
	GlobalSection(SolutionConfigurationPlatforms) = preSolution
		Debug|AnyCPU = Debug|AnyCPU
		Debug|x64 = Debug|x64
		Debug|x86 = Debug|x86
		Release|AnyCPU = Release|AnyCPU
		Release|x64 = Release|x64
		Release|x86 = Release|x86
	EndGlobalSection
	GlobalSection(ProjectConfigurationPlatforms) = postSolution
		{BEC1C1E3-8D93-45B0-ADEB-847C576E6231}.Debug|AnyCPU.ActiveCfg = Debug|Any CPU
		{BEC1C1E3-8D93-45B0-ADEB-847C576E6231}.Debug|AnyCPU.Build.0 = Debug|Any CPU
		{BEC1C1E3-8D93-45B0-ADEB-847C576E6231}.Debug|x64.ActiveCfg = Debug|Any CPU
		{BEC1C1E3-8D93-45B0-ADEB-847C576E6231}.Debug|x64.Build.0 = Debug|Any CPU
		{BEC1C1E3-8D93-45B0-ADEB-847C576E6231}.Debug|x86.ActiveCfg = Debug|Any CPU
		{BEC1C1E3-8D93-45B0-ADEB-847C576E6231}.Debug|x86.Build.0 = Debug|Any CPU
		{BEC1C1E3-8D93-45B0-ADEB-847C576E6231}.Release|AnyCPU.ActiveCfg = Release|Any CPU
		{BEC1C1E3-8D93-45B0-ADEB-847C576E6231}.Release|AnyCPU.Build.0 = Release|Any CPU
		{BEC1C1E3-8D93-45B0-ADEB-847C576E6231}.Release|x64.ActiveCfg = Release|Any CPU
		{BEC1C1E3-8D93-45B0-ADEB-847C576E6231}.Release|x64.Build.0 = Release|Any CPU
		{BEC1C1E3-8D93-45B0-ADEB-847C576E6231}.Release|x86.ActiveCfg = Release|Any CPU
		{BEC1C1E3-8D93-45B0-ADEB-847C576E6231}.Release|x86.Build.0 = Release|Any CPU
		{14E68E55-2E4D-45E9-9E16-8AB9924BD4AE}.Debug|AnyCPU.ActiveCfg = Debug|Any CPU
		{14E68E55-2E4D-45E9-9E16-8AB9924BD4AE}.Debug|AnyCPU.Build.0 = Debug|Any CPU
		{14E68E55-2E4D-45E9-9E16-8AB9924BD4AE}.Debug|x64.ActiveCfg = Debug|Any CPU
		{14E68E55-2E4D-45E9-9E16-8AB9924BD4AE}.Debug|x64.Build.0 = Debug|Any CPU
		{14E68E55-2E4D-45E9-9E16-8AB9924BD4AE}.Debug|x86.ActiveCfg = Debug|Any CPU
		{14E68E55-2E4D-45E9-9E16-8AB9924BD4AE}.Debug|x86.Build.0 = Debug|Any CPU
		{14E68E55-2E4D-45E9-9E16-8AB9924BD4AE}.Release|AnyCPU.ActiveCfg = Release|Any CPU
		{14E68E55-2E4D-45E9-9E16-8AB9924BD4AE}.Release|AnyCPU.Build.0 = Release|Any CPU
		{14E68E55-2E4D-45E9-9E16-8AB9924BD4AE}.Release|x64.ActiveCfg = Release|Any CPU
		{14E68E55-2E4D-45E9-9E16-8AB9924BD4AE}.Release|x64.Build.0 = Release|Any CPU
		{14E68E55-2E4D-45E9-9E16-8AB9924BD4AE}.Release|x86.ActiveCfg = Release|Any CPU
		{14E68E55-2E4D-45E9-9E16-8AB9924BD4AE}.Release|x86.Build.0 = Release|Any CPU
		{D8BB36E9-055D-4AF7-B57D-BCB67C457383}.Debug|AnyCPU.ActiveCfg = Debug|Any CPU
		{D8BB36E9-055D-4AF7-B57D-BCB67C457383}.Debug|AnyCPU.Build.0 = Debug|Any CPU
		{D8BB36E9-055D-4AF7-B57D-BCB67C457383}.Debug|x64.ActiveCfg = Debug|Any CPU
		{D8BB36E9-055D-4AF7-B57D-BCB67C457383}.Debug|x64.Build.0 = Debug|Any CPU
		{D8BB36E9-055D-4AF7-B57D-BCB67C457383}.Debug|x86.ActiveCfg = Debug|Any CPU
		{D8BB36E9-055D-4AF7-B57D-BCB67C457383}.Debug|x86.Build.0 = Debug|Any CPU
		{D8BB36E9-055D-4AF7-B57D-BCB67C457383}.Release|AnyCPU.ActiveCfg = Release|Any CPU
		{D8BB36E9-055D-4AF7-B57D-BCB67C457383}.Release|AnyCPU.Build.0 = Release|Any CPU
		{D8BB36E9-055D-4AF7-B57D-BCB67C457383}.Release|x64.ActiveCfg = Release|Any CPU
		{D8BB36E9-055D-4AF7-B57D-BCB67C457383}.Release|x64.Build.0 = Release|Any CPU
		{D8BB36E9-055D-4AF7-B57D-BCB67C457383}.Release|x86.ActiveCfg = Release|Any CPU
		{D8BB36E9-055D-4AF7-B57D-BCB67C457383}.Release|x86.Build.0 = Release|Any CPU
		{F11DDEF6-E803-45E7-B49A-68876B352E39}.Debug|AnyCPU.ActiveCfg = Debug|Any CPU
		{F11DDEF6-E803-45E7-B49A-68876B352E39}.Debug|AnyCPU.Build.0 = Debug|Any CPU
		{F11DDEF6-E803-45E7-B49A-68876B352E39}.Debug|x64.ActiveCfg = Debug|Any CPU
		{F11DDEF6-E803-45E7-B49A-68876B352E39}.Debug|x64.Build.0 = Debug|Any CPU
		{F11DDEF6-E803-45E7-B49A-68876B352E39}.Debug|x86.ActiveCfg = Debug|Any CPU
		{F11DDEF6-E803-45E7-B49A-68876B352E39}.Debug|x86.Build.0 = Debug|Any CPU
		{F11DDEF6-E803-45E7-B49A-68876B352E39}.Release|AnyCPU.ActiveCfg = Release|Any CPU
		{F11DDEF6-E803-45E7-B49A-68876B352E39}.Release|AnyCPU.Build.0 = Release|Any CPU
		{F11DDEF6-E803-45E7-B49A-68876B352E39}.Release|x64.ActiveCfg = Release|Any CPU
		{F11DDEF6-E803-45E7-B49A-68876B352E39}.Release|x64.Build.0 = Release|Any CPU
		{F11DDEF6-E803-45E7-B49A-68876B352E39}.Release|x86.ActiveCfg = Release|Any CPU
		{F11DDEF6-E803-45E7-B49A-68876B352E39}.Release|x86.Build.0 = Release|Any CPU
		{9D184A11-3E95-47BB-90C1-98A456225200}.Debug|AnyCPU.ActiveCfg = Debug|Any CPU
		{9D184A11-3E95-47BB-90C1-98A456225200}.Debug|AnyCPU.Build.0 = Debug|Any CPU
		{9D184A11-3E95-47BB-90C1-98A456225200}.Debug|x64.ActiveCfg = Debug|Any CPU
		{9D184A11-3E95-47BB-90C1-98A456225200}.Debug|x64.Build.0 = Debug|Any CPU
		{9D184A11-3E95-47BB-90C1-98A456225200}.Debug|x86.ActiveCfg = Debug|Any CPU
		{9D184A11-3E95-47BB-90C1-98A456225200}.Debug|x86.Build.0 = Debug|Any CPU
		{9D184A11-3E95-47BB-90C1-98A456225200}.Release|AnyCPU.ActiveCfg = Release|Any CPU
		{9D184A11-3E95-47BB-90C1-98A456225200}.Release|AnyCPU.Build.0 = Release|Any CPU
		{9D184A11-3E95-47BB-90C1-98A456225200}.Release|x64.ActiveCfg = Release|Any CPU
		{9D184A11-3E95-47BB-90C1-98A456225200}.Release|x64.Build.0 = Release|Any CPU
		{9D184A11-3E95-47BB-90C1-98A456225200}.Release|x86.ActiveCfg = Release|Any CPU
		{9D184A11-3E95-47BB-90C1-98A456225200}.Release|x86.Build.0 = Release|Any CPU
		{DB0BD3F8-B09D-4688-AD2E-EC1F24945D37}.Debug|AnyCPU.ActiveCfg = Debug|Any CPU
		{DB0BD3F8-B09D-4688-AD2E-EC1F24945D37}.Debug|AnyCPU.Build.0 = Debug|Any CPU
		{DB0BD3F8-B09D-4688-AD2E-EC1F24945D37}.Debug|x64.ActiveCfg = Debug|Any CPU
		{DB0BD3F8-B09D-4688-AD2E-EC1F24945D37}.Debug|x64.Build.0 = Debug|Any CPU
		{DB0BD3F8-B09D-4688-AD2E-EC1F24945D37}.Debug|x86.ActiveCfg = Debug|Any CPU
		{DB0BD3F8-B09D-4688-AD2E-EC1F24945D37}.Debug|x86.Build.0 = Debug|Any CPU
		{DB0BD3F8-B09D-4688-AD2E-EC1F24945D37}.Release|AnyCPU.ActiveCfg = Release|Any CPU
		{DB0BD3F8-B09D-4688-AD2E-EC1F24945D37}.Release|AnyCPU.Build.0 = Release|Any CPU
		{DB0BD3F8-B09D-4688-AD2E-EC1F24945D37}.Release|x64.ActiveCfg = Release|Any CPU
		{DB0BD3F8-B09D-4688-AD2E-EC1F24945D37}.Release|x64.Build.0 = Release|Any CPU
		{DB0BD3F8-B09D-4688-AD2E-EC1F24945D37}.Release|x86.ActiveCfg = Release|Any CPU
		{DB0BD3F8-B09D-4688-AD2E-EC1F24945D37}.Release|x86.Build.0 = Release|Any CPU
		{495E7263-E73D-402C-93DB-0BE801F94FEC}.Debug|AnyCPU.ActiveCfg = Debug|Any CPU
		{495E7263-E73D-402C-93DB-0BE801F94FEC}.Debug|AnyCPU.Build.0 = Debug|Any CPU
		{495E7263-E73D-402C-93DB-0BE801F94FEC}.Debug|x64.ActiveCfg = Debug|Any CPU
		{495E7263-E73D-402C-93DB-0BE801F94FEC}.Debug|x64.Build.0 = Debug|Any CPU
		{495E7263-E73D-402C-93DB-0BE801F94FEC}.Debug|x86.ActiveCfg = Debug|Any CPU
		{495E7263-E73D-402C-93DB-0BE801F94FEC}.Debug|x86.Build.0 = Debug|Any CPU
		{495E7263-E73D-402C-93DB-0BE801F94FEC}.Release|AnyCPU.ActiveCfg = Release|Any CPU
		{495E7263-E73D-402C-93DB-0BE801F94FEC}.Release|AnyCPU.Build.0 = Release|Any CPU
		{495E7263-E73D-402C-93DB-0BE801F94FEC}.Release|x64.ActiveCfg = Release|Any CPU
		{495E7263-E73D-402C-93DB-0BE801F94FEC}.Release|x64.Build.0 = Release|Any CPU
		{495E7263-E73D-402C-93DB-0BE801F94FEC}.Release|x86.ActiveCfg = Release|Any CPU
		{495E7263-E73D-402C-93DB-0BE801F94FEC}.Release|x86.Build.0 = Release|Any CPU
		{5B71712C-6407-4B3E-A074-F6309DCA00FE}.Debug|AnyCPU.ActiveCfg = Debug|Any CPU
		{5B71712C-6407-4B3E-A074-F6309DCA00FE}.Debug|AnyCPU.Build.0 = Debug|Any CPU
		{5B71712C-6407-4B3E-A074-F6309DCA00FE}.Debug|x64.ActiveCfg = Debug|Any CPU
		{5B71712C-6407-4B3E-A074-F6309DCA00FE}.Debug|x64.Build.0 = Debug|Any CPU
		{5B71712C-6407-4B3E-A074-F6309DCA00FE}.Debug|x86.ActiveCfg = Debug|Any CPU
		{5B71712C-6407-4B3E-A074-F6309DCA00FE}.Debug|x86.Build.0 = Debug|Any CPU
		{5B71712C-6407-4B3E-A074-F6309DCA00FE}.Release|AnyCPU.ActiveCfg = Release|Any CPU
		{5B71712C-6407-4B3E-A074-F6309DCA00FE}.Release|AnyCPU.Build.0 = Release|Any CPU
		{5B71712C-6407-4B3E-A074-F6309DCA00FE}.Release|x64.ActiveCfg = Release|Any CPU
		{5B71712C-6407-4B3E-A074-F6309DCA00FE}.Release|x64.Build.0 = Release|Any CPU
		{5B71712C-6407-4B3E-A074-F6309DCA00FE}.Release|x86.ActiveCfg = Release|Any CPU
		{5B71712C-6407-4B3E-A074-F6309DCA00FE}.Release|x86.Build.0 = Release|Any CPU
		{EDCD5847-1A85-48EF-8890-2C8A657B5B29}.Debug|AnyCPU.ActiveCfg = Debug|Any CPU
		{EDCD5847-1A85-48EF-8890-2C8A657B5B29}.Debug|AnyCPU.Build.0 = Debug|Any CPU
		{EDCD5847-1A85-48EF-8890-2C8A657B5B29}.Debug|x64.ActiveCfg = Debug|Any CPU
		{EDCD5847-1A85-48EF-8890-2C8A657B5B29}.Debug|x64.Build.0 = Debug|Any CPU
		{EDCD5847-1A85-48EF-8890-2C8A657B5B29}.Debug|x86.ActiveCfg = Debug|Any CPU
		{EDCD5847-1A85-48EF-8890-2C8A657B5B29}.Debug|x86.Build.0 = Debug|Any CPU
		{EDCD5847-1A85-48EF-8890-2C8A657B5B29}.Release|AnyCPU.ActiveCfg = Release|Any CPU
		{EDCD5847-1A85-48EF-8890-2C8A657B5B29}.Release|AnyCPU.Build.0 = Release|Any CPU
		{EDCD5847-1A85-48EF-8890-2C8A657B5B29}.Release|x64.ActiveCfg = Release|Any CPU
		{EDCD5847-1A85-48EF-8890-2C8A657B5B29}.Release|x64.Build.0 = Release|Any CPU
		{EDCD5847-1A85-48EF-8890-2C8A657B5B29}.Release|x86.ActiveCfg = Release|Any CPU
		{EDCD5847-1A85-48EF-8890-2C8A657B5B29}.Release|x86.Build.0 = Release|Any CPU
		{1BEEFB64-087A-4A04-92A6-E105BB6D3EA4}.Debug|AnyCPU.ActiveCfg = Debug|Any CPU
		{1BEEFB64-087A-4A04-92A6-E105BB6D3EA4}.Debug|AnyCPU.Build.0 = Debug|Any CPU
		{1BEEFB64-087A-4A04-92A6-E105BB6D3EA4}.Debug|x64.ActiveCfg = Debug|Any CPU
		{1BEEFB64-087A-4A04-92A6-E105BB6D3EA4}.Debug|x64.Build.0 = Debug|Any CPU
		{1BEEFB64-087A-4A04-92A6-E105BB6D3EA4}.Debug|x86.ActiveCfg = Debug|Any CPU
		{1BEEFB64-087A-4A04-92A6-E105BB6D3EA4}.Debug|x86.Build.0 = Debug|Any CPU
		{1BEEFB64-087A-4A04-92A6-E105BB6D3EA4}.Release|AnyCPU.ActiveCfg = Release|Any CPU
		{1BEEFB64-087A-4A04-92A6-E105BB6D3EA4}.Release|AnyCPU.Build.0 = Release|Any CPU
		{1BEEFB64-087A-4A04-92A6-E105BB6D3EA4}.Release|x64.ActiveCfg = Release|Any CPU
		{1BEEFB64-087A-4A04-92A6-E105BB6D3EA4}.Release|x64.Build.0 = Release|Any CPU
		{1BEEFB64-087A-4A04-92A6-E105BB6D3EA4}.Release|x86.ActiveCfg = Release|Any CPU
		{1BEEFB64-087A-4A04-92A6-E105BB6D3EA4}.Release|x86.Build.0 = Release|Any CPU
		{9CDECEFF-CEB0-46E2-87F3-7797CD46B712}.Debug|AnyCPU.ActiveCfg = Debug|Any CPU
		{9CDECEFF-CEB0-46E2-87F3-7797CD46B712}.Debug|AnyCPU.Build.0 = Debug|Any CPU
		{9CDECEFF-CEB0-46E2-87F3-7797CD46B712}.Debug|x64.ActiveCfg = Debug|Any CPU
		{9CDECEFF-CEB0-46E2-87F3-7797CD46B712}.Debug|x64.Build.0 = Debug|Any CPU
		{9CDECEFF-CEB0-46E2-87F3-7797CD46B712}.Debug|x86.ActiveCfg = Debug|Any CPU
		{9CDECEFF-CEB0-46E2-87F3-7797CD46B712}.Debug|x86.Build.0 = Debug|Any CPU
		{9CDECEFF-CEB0-46E2-87F3-7797CD46B712}.Release|AnyCPU.ActiveCfg = Release|Any CPU
		{9CDECEFF-CEB0-46E2-87F3-7797CD46B712}.Release|AnyCPU.Build.0 = Release|Any CPU
		{9CDECEFF-CEB0-46E2-87F3-7797CD46B712}.Release|x64.ActiveCfg = Release|Any CPU
		{9CDECEFF-CEB0-46E2-87F3-7797CD46B712}.Release|x64.Build.0 = Release|Any CPU
		{9CDECEFF-CEB0-46E2-87F3-7797CD46B712}.Release|x86.ActiveCfg = Release|Any CPU
		{9CDECEFF-CEB0-46E2-87F3-7797CD46B712}.Release|x86.Build.0 = Release|Any CPU
	EndGlobalSection
	GlobalSection(SolutionProperties) = preSolution
		HideSolutionNode = FALSE
	EndGlobalSection
	GlobalSection(ExtensibilityGlobals) = postSolution
		EnterpriseLibraryConfigurationToolBinariesPath = packages\Unity.2.1.505.2\lib\NET35
		SolutionGuid = {4BF13CCC-ACF3-48AA-BA6B-F64F4D7CA42B}
	EndGlobalSection
EndGlobal
