Microsoft Visual Studio Solution File, Format Version 12.00
# Visual Studio Version 16
VisualStudioVersion = 16.0.32126.315
MinimumVisualStudioVersion = 10.0.40219.1
Project("{FAE04EC0-301F-11D3-BF4B-00C04F79EFBC}") = "LteDev", "LteDev\LteDev.csproj", "{BEC1C1E3-8D93-45B0-ADEB-847C576E6231}"
EndProject
Project("{FAE04EC0-301F-11D3-BF4B-00C04F79EFBC}") = "CredentialStorage", "CredentialStorage\CredentialStorage.csproj", "{14E68E55-2E4D-45E9-9E16-8AB9924BD4AE}"
EndProject
Project("{FAE04EC0-301F-11D3-BF4B-00C04F79EFBC}") = "GDIPlus", "GDIPlus\GDIPlus.csproj", "{D8BB36E9-055D-4AF7-B57D-BCB67C457383}"
EndProject
Project("{FAE04EC0-301F-11D3-BF4B-00C04F79EFBC}") = "XmlUtility", "XmlUtility\XmlUtility.csproj", "{9D184A11-3E95-47BB-90C1-98A456225200}"
EndProject
Project("{FAE04EC0-301F-11D3-BF4B-00C04F79EFBC}") = "WinIOUtility", "WinIOUtility\WinIOUtility.csproj", "{1BEEFB64-087A-4A04-92A6-E105BB6D3EA4}"
EndProject
Project("{FAE04EC0-301F-11D3-BF4B-00C04F79EFBC}") = "LteDev.UnitTests", "LteDev.UnitTests\LteDev.UnitTests.csproj", "{05E808CF-B781-4446-B39B-FBFBA5FBCD06}"
EndProject
Project("{FAE04EC0-301F-11D3-BF4B-00C04F79EFBC}") = "HtmlUtility", "HtmlUtility\HtmlUtility.csproj", "{E7899656-CE14-4690-8F1E-56A8C54CFCDF}"
EndProject
Global
	GlobalSection(SolutionConfigurationPlatforms) = preSolution
		Debug|AnyCPU = Debug|AnyCPU
		Debug|x64 = Debug|x64
		Debug|x86 = Debug|x86
		Release|AnyCPU = Release|AnyCPU
		Release|x64 = Release|x64
		Release|x86 = Release|x86
	EndGlobalSection
	GlobalSection(ProjectConfigurationPlatforms) = postSolution
		{BEC1C1E3-8D93-45B0-ADEB-847C576E6231}.Debug|AnyCPU.ActiveCfg = Debug|Any CPU
		{BEC1C1E3-8D93-45B0-ADEB-847C576E6231}.Debug|AnyCPU.Build.0 = Debug|Any CPU
		{BEC1C1E3-8D93-45B0-ADEB-847C576E6231}.Debug|x64.ActiveCfg = Debug|Any CPU
		{BEC1C1E3-8D93-45B0-ADEB-847C576E6231}.Debug|x64.Build.0 = Debug|Any CPU
		{BEC1C1E3-8D93-45B0-ADEB-847C576E6231}.Debug|x86.ActiveCfg = Debug|Any CPU
		{BEC1C1E3-8D93-45B0-ADEB-847C576E6231}.Debug|x86.Build.0 = Debug|Any CPU
		{BEC1C1E3-8D93-45B0-ADEB-847C576E6231}.Release|AnyCPU.ActiveCfg = Release|Any CPU
		{BEC1C1E3-8D93-45B0-ADEB-847C576E6231}.Release|AnyCPU.Build.0 = Release|Any CPU
		{BEC1C1E3-8D93-45B0-ADEB-847C576E6231}.Release|x64.ActiveCfg = Release|Any CPU
		{BEC1C1E3-8D93-45B0-ADEB-847C576E6231}.Release|x64.Build.0 = Release|Any CPU
		{BEC1C1E3-8D93-45B0-ADEB-847C576E6231}.Release|x86.ActiveCfg = Release|Any CPU
		{BEC1C1E3-8D93-45B0-ADEB-847C576E6231}.Release|x86.Build.0 = Release|Any CPU
		{14E68E55-2E4D-45E9-9E16-8AB9924BD4AE}.Debug|AnyCPU.ActiveCfg = Debug|Any CPU
		{14E68E55-2E4D-45E9-9E16-8AB9924BD4AE}.Debug|AnyCPU.Build.0 = Debug|Any CPU
		{14E68E55-2E4D-45E9-9E16-8AB9924BD4AE}.Debug|x64.ActiveCfg = Debug|Any CPU
		{14E68E55-2E4D-45E9-9E16-8AB9924BD4AE}.Debug|x64.Build.0 = Debug|Any CPU
		{14E68E55-2E4D-45E9-9E16-8AB9924BD4AE}.Debug|x86.ActiveCfg = Debug|Any CPU
		{14E68E55-2E4D-45E9-9E16-8AB9924BD4AE}.Debug|x86.Build.0 = Debug|Any CPU
		{14E68E55-2E4D-45E9-9E16-8AB9924BD4AE}.Release|AnyCPU.ActiveCfg = Release|Any CPU
		{14E68E55-2E4D-45E9-9E16-8AB9924BD4AE}.Release|AnyCPU.Build.0 = Release|Any CPU
		{14E68E55-2E4D-45E9-9E16-8AB9924BD4AE}.Release|x64.ActiveCfg = Release|Any CPU
		{14E68E55-2E4D-45E9-9E16-8AB9924BD4AE}.Release|x64.Build.0 = Release|Any CPU
		{14E68E55-2E4D-45E9-9E16-8AB9924BD4AE}.Release|x86.ActiveCfg = Release|Any CPU
		{14E68E55-2E4D-45E9-9E16-8AB9924BD4AE}.Release|x86.Build.0 = Release|Any CPU
		{D8BB36E9-055D-4AF7-B57D-BCB67C457383}.Debug|AnyCPU.ActiveCfg = Debug|Any CPU
		{D8BB36E9-055D-4AF7-B57D-BCB67C457383}.Debug|AnyCPU.Build.0 = Debug|Any CPU
		{D8BB36E9-055D-4AF7-B57D-BCB67C457383}.Debug|x64.ActiveCfg = Debug|Any CPU
		{D8BB36E9-055D-4AF7-B57D-BCB67C457383}.Debug|x64.Build.0 = Debug|Any CPU
		{D8BB36E9-055D-4AF7-B57D-BCB67C457383}.Debug|x86.ActiveCfg = Debug|Any CPU
		{D8BB36E9-055D-4AF7-B57D-BCB67C457383}.Debug|x86.Build.0 = Debug|Any CPU
		{D8BB36E9-055D-4AF7-B57D-BCB67C457383}.Release|AnyCPU.ActiveCfg = Release|Any CPU
		{D8BB36E9-055D-4AF7-B57D-BCB67C457383}.Release|AnyCPU.Build.0 = Release|Any CPU
		{D8BB36E9-055D-4AF7-B57D-BCB67C457383}.Release|x64.ActiveCfg = Release|Any CPU
		{D8BB36E9-055D-4AF7-B57D-BCB67C457383}.Release|x64.Build.0 = Release|Any CPU
		{D8BB36E9-055D-4AF7-B57D-BCB67C457383}.Release|x86.ActiveCfg = Release|Any CPU
		{D8BB36E9-055D-4AF7-B57D-BCB67C457383}.Release|x86.Build.0 = Release|Any CPU
		{9D184A11-3E95-47BB-90C1-98A456225200}.Debug|AnyCPU.ActiveCfg = Debug|Any CPU
		{9D184A11-3E95-47BB-90C1-98A456225200}.Debug|AnyCPU.Build.0 = Debug|Any CPU
		{9D184A11-3E95-47BB-90C1-98A456225200}.Debug|x64.ActiveCfg = Debug|Any CPU
		{9D184A11-3E95-47BB-90C1-98A456225200}.Debug|x64.Build.0 = Debug|Any CPU
		{9D184A11-3E95-47BB-90C1-98A456225200}.Debug|x86.ActiveCfg = Debug|Any CPU
		{9D184A11-3E95-47BB-90C1-98A456225200}.Debug|x86.Build.0 = Debug|Any CPU
		{9D184A11-3E95-47BB-90C1-98A456225200}.Release|AnyCPU.ActiveCfg = Release|Any CPU
		{9D184A11-3E95-47BB-90C1-98A456225200}.Release|AnyCPU.Build.0 = Release|Any CPU
		{9D184A11-3E95-47BB-90C1-98A456225200}.Release|x64.ActiveCfg = Release|Any CPU
		{9D184A11-3E95-47BB-90C1-98A456225200}.Release|x64.Build.0 = Release|Any CPU
		{9D184A11-3E95-47BB-90C1-98A456225200}.Release|x86.ActiveCfg = Release|Any CPU
		{9D184A11-3E95-47BB-90C1-98A456225200}.Release|x86.Build.0 = Release|Any CPU
		{1BEEFB64-087A-4A04-92A6-E105BB6D3EA4}.Debug|AnyCPU.ActiveCfg = Debug|Any CPU
		{1BEEFB64-087A-4A04-92A6-E105BB6D3EA4}.Debug|AnyCPU.Build.0 = Debug|Any CPU
		{1BEEFB64-087A-4A04-92A6-E105BB6D3EA4}.Debug|x64.ActiveCfg = Debug|Any CPU
		{1BEEFB64-087A-4A04-92A6-E105BB6D3EA4}.Debug|x64.Build.0 = Debug|Any CPU
		{1BEEFB64-087A-4A04-92A6-E105BB6D3EA4}.Debug|x86.ActiveCfg = Debug|Any CPU
		{1BEEFB64-087A-4A04-92A6-E105BB6D3EA4}.Debug|x86.Build.0 = Debug|Any CPU
		{1BEEFB64-087A-4A04-92A6-E105BB6D3EA4}.Release|AnyCPU.ActiveCfg = Release|Any CPU
		{1BEEFB64-087A-4A04-92A6-E105BB6D3EA4}.Release|AnyCPU.Build.0 = Release|Any CPU
		{1BEEFB64-087A-4A04-92A6-E105BB6D3EA4}.Release|x64.ActiveCfg = Release|Any CPU
		{1BEEFB64-087A-4A04-92A6-E105BB6D3EA4}.Release|x64.Build.0 = Release|Any CPU
		{1BEEFB64-087A-4A04-92A6-E105BB6D3EA4}.Release|x86.ActiveCfg = Release|Any CPU
		{1BEEFB64-087A-4A04-92A6-E105BB6D3EA4}.Release|x86.Build.0 = Release|Any CPU
		{05E808CF-B781-4446-B39B-FBFBA5FBCD06}.Debug|AnyCPU.ActiveCfg = Debug|Any CPU
		{05E808CF-B781-4446-B39B-FBFBA5FBCD06}.Debug|AnyCPU.Build.0 = Debug|Any CPU
		{05E808CF-B781-4446-B39B-FBFBA5FBCD06}.Debug|x64.ActiveCfg = Debug|Any CPU
		{05E808CF-B781-4446-B39B-FBFBA5FBCD06}.Debug|x64.Build.0 = Debug|Any CPU
		{05E808CF-B781-4446-B39B-FBFBA5FBCD06}.Debug|x86.ActiveCfg = Debug|Any CPU
		{05E808CF-B781-4446-B39B-FBFBA5FBCD06}.Debug|x86.Build.0 = Debug|Any CPU
		{05E808CF-B781-4446-B39B-FBFBA5FBCD06}.Release|AnyCPU.ActiveCfg = Release|Any CPU
		{05E808CF-B781-4446-B39B-FBFBA5FBCD06}.Release|AnyCPU.Build.0 = Release|Any CPU
		{05E808CF-B781-4446-B39B-FBFBA5FBCD06}.Release|x64.ActiveCfg = Release|Any CPU
		{05E808CF-B781-4446-B39B-FBFBA5FBCD06}.Release|x64.Build.0 = Release|Any CPU
		{05E808CF-B781-4446-B39B-FBFBA5FBCD06}.Release|x86.ActiveCfg = Release|Any CPU
		{05E808CF-B781-4446-B39B-FBFBA5FBCD06}.Release|x86.Build.0 = Release|Any CPU
		{E7899656-CE14-4690-8F1E-56A8C54CFCDF}.Debug|AnyCPU.ActiveCfg = Debug|Any CPU
		{E7899656-CE14-4690-8F1E-56A8C54CFCDF}.Debug|AnyCPU.Build.0 = Debug|Any CPU
		{E7899656-CE14-4690-8F1E-56A8C54CFCDF}.Debug|x64.ActiveCfg = Debug|Any CPU
		{E7899656-CE14-4690-8F1E-56A8C54CFCDF}.Debug|x64.Build.0 = Debug|Any CPU
		{E7899656-CE14-4690-8F1E-56A8C54CFCDF}.Debug|x86.ActiveCfg = Debug|Any CPU
		{E7899656-CE14-4690-8F1E-56A8C54CFCDF}.Debug|x86.Build.0 = Debug|Any CPU
		{E7899656-CE14-4690-8F1E-56A8C54CFCDF}.Release|AnyCPU.ActiveCfg = Release|Any CPU
		{E7899656-CE14-4690-8F1E-56A8C54CFCDF}.Release|AnyCPU.Build.0 = Release|Any CPU
		{E7899656-CE14-4690-8F1E-56A8C54CFCDF}.Release|x64.ActiveCfg = Release|Any CPU
		{E7899656-CE14-4690-8F1E-56A8C54CFCDF}.Release|x64.Build.0 = Release|Any CPU
		{E7899656-CE14-4690-8F1E-56A8C54CFCDF}.Release|x86.ActiveCfg = Release|Any CPU
		{E7899656-CE14-4690-8F1E-56A8C54CFCDF}.Release|x86.Build.0 = Release|Any CPU
	EndGlobalSection
	GlobalSection(SolutionProperties) = preSolution
		HideSolutionNode = FALSE
	EndGlobalSection
	GlobalSection(ExtensibilityGlobals) = postSolution
		EnterpriseLibraryConfigurationToolBinariesPath = packages\Unity.2.1.505.2\lib\NET35
		SolutionGuid = {4BF13CCC-ACF3-48AA-BA6B-F64F4D7CA42B}
	EndGlobalSection
EndGlobal
